
Microsoft Visual Studio Solution File, Format Version 12.00
# Visual Studio 15
VisualStudioVersion = 15.0.26124.0
MinimumVisualStudioVersion = 15.0.26124.0
Project("{9A19103F-16F7-4668-BE54-9A1E7A4F7556}") = "R5T.Dover.Construction", "R5T.Dover.Construction\R5T.Dover.Construction.csproj", "{0B589CCC-596C-4704-BD3A-6C6AA71DBBE2}"
EndProject
Project("{9A19103F-16F7-4668-BE54-9A1E7A4F7556}") = "R5T.Dover", "R5T.Dover\R5T.Dover.csproj", "{78CF1016-1AB9-4499-A3BB-0B23A98201CE}"
EndProject
Project("{9A19103F-16F7-4668-BE54-9A1E7A4F7556}") = "R5T.Dover.Testing", "R5T.Dover.Testing\R5T.Dover.Testing.csproj", "{5A648D43-BD9A-4F5D-9EAB-4F04FF8EFB13}"
EndProject
Project("{2150E333-8FDC-42A3-9474-1A3956D46DE8}") = "_Dependencies", "_Dependencies", "{5DA840D1-BD86-4066-AF5B-7D95FAC08561}"
EndProject
Project("{9A19103F-16F7-4668-BE54-9A1E7A4F7556}") = "R5T.Richmond", "..\..\R5T.Richmond\source\R5T.Richmond\R5T.Richmond.csproj", "{A0023A48-0A74-4F82-9A89-C007CF08CDD6}"
EndProject
Project("{9A19103F-16F7-4668-BE54-9A1E7A4F7556}") = "R5T.Herulia", "..\..\R5T.Herulia\source\R5T.Herulia\R5T.Herulia.csproj", "{EE657FDE-2C3B-4B9E-AA84-2E9BEFFFDBB5}"
EndProject
Project("{9A19103F-16F7-4668-BE54-9A1E7A4F7556}") = "R5T.Chamavia", "..\..\R5T.Chamavia\source\R5T.Chamavia\R5T.Chamavia.csproj", "{B8218917-F127-4480-A878-634437E31E64}"
EndProject
Project("{9A19103F-16F7-4668-BE54-9A1E7A4F7556}") = "R5T.Dacia", "..\..\R5T.Dacia\source\R5T.Dacia\R5T.Dacia.csproj", "{E31CC78D-D09F-4052-BAAD-511F1CA7ACC8}"
EndProject
Project("{9A19103F-16F7-4668-BE54-9A1E7A4F7556}") = "R5T.Langobard", "..\..\R5T.Langobard\source\R5T.Langobard\R5T.Langobard.csproj", "{CD44953E-4277-4420-8547-58B5ED8ECC11}"
EndProject
Project("{9A19103F-16F7-4668-BE54-9A1E7A4F7556}") = "R5T.Sardinia", "..\..\R5T.Sardinia\source\R5T.Sardinia\R5T.Sardinia.csproj", "{6EF1793A-BF3E-4404-8F41-4EF5474A6E09}"
EndProject
Project("{9A19103F-16F7-4668-BE54-9A1E7A4F7556}") = "R5T.Coventry", "..\..\R5T.Coventry\source\R5T.Coventry\R5T.Coventry.csproj", "{BFB68C19-153B-4FBE-ABD9-78054C42FD37}"
EndProject
Project("{9A19103F-16F7-4668-BE54-9A1E7A4F7556}") = "R5T.Derby", "..\..\R5T.Derby\source\R5T.Derby\R5T.Derby.csproj", "{7ECE04CD-C9EC-4B9D-8EB8-3134ED94849F}"
EndProject
Project("{9A19103F-16F7-4668-BE54-9A1E7A4F7556}") = "R5T.Ives.Configuration", "..\..\R5T.Ives.Configuration\source\R5T.Ives.Configuration\R5T.Ives.Configuration.csproj", "{635EFC74-001D-4E0C-BA65-AB37158B0DCA}"
EndProject
Project("{9A19103F-16F7-4668-BE54-9A1E7A4F7556}") = "R5T.Dacia.Extensions", "..\..\R5T.Dacia.Extensions\source\R5T.Dacia.Extensions\R5T.Dacia.Extensions.csproj", "{A965854A-9101-47D3-8682-002426ED7108}"
EndProject
Project("{9A19103F-16F7-4668-BE54-9A1E7A4F7556}") = "R5T.Ives.Base", "..\..\R5T.Ives.Base\source\R5T.Ives.Base\R5T.Ives.Base.csproj", "{0F4C2E2F-462C-4793-ABD4-AE25B5B015F6}"
EndProject
Project("{9A19103F-16F7-4668-BE54-9A1E7A4F7556}") = "R5T.Leeds", "..\..\R5T.Leeds\source\R5T.Leeds\R5T.Leeds.csproj", "{ECBDD90C-F5AF-4985-8D86-D047656065C5}"
EndProject
Project("{9A19103F-16F7-4668-BE54-9A1E7A4F7556}") = "R5T.Hastings.Default", "..\..\R5T.Hastings.Default\source\R5T.Hastings.Default\R5T.Hastings.Default.csproj", "{457EDEBA-6016-49DD-9C13-2DC310B8C461}"
EndProject
Project("{9A19103F-16F7-4668-BE54-9A1E7A4F7556}") = "R5T.Brighton", "..\..\R5T.Brighton\source\R5T.Brighton\R5T.Brighton.csproj", "{EFFC41CB-1247-4249-B6A8-BDA195F2FCA7}"
EndProject
Project("{9A19103F-16F7-4668-BE54-9A1E7A4F7556}") = "R5T.Delos", "..\..\R5T.Delos\source\R5T.Delos\R5T.Delos.csproj", "{23FA2A93-A1FF-48A0-87C3-6700823CC3E7}"
EndProject
Project("{9A19103F-16F7-4668-BE54-9A1E7A4F7556}") = "R5T.Stagira", "..\..\R5T.Stagira\source\R5T.Stagira\R5T.Stagira.csproj", "{D005203F-BB14-4CCE-B73C-098CA6F7F16E}"
EndProject
Project("{9A19103F-16F7-4668-BE54-9A1E7A4F7556}") = "R5T.Magyar", "..\..\R5T.Magyar\source\R5T.Magyar\R5T.Magyar.csproj", "{728FF1A5-3348-4EB9-9D8C-3901BEBBA3EC}"
EndProject
Project("{9A19103F-16F7-4668-BE54-9A1E7A4F7556}") = "R5T.Hastings.Base", "..\..\R5T.Hastings.Base\source\R5T.Hastings.Base\R5T.Hastings.Base.csproj", "{E73D535B-2184-438B-A0F7-1A6EFA8A1361}"
EndProject
Project("{9A19103F-16F7-4668-BE54-9A1E7A4F7556}") = "R5T.Exeter", "..\..\R5T.Exeter\source\R5T.Exeter\R5T.Exeter.csproj", "{29B12B71-2121-4C48-858B-8FEFD074DF9C}"
EndProject
Project("{9A19103F-16F7-4668-BE54-9A1E7A4F7556}") = "R5T.Chamavia.Extensions", "..\..\R5T.Chamavia.Extensions\source\R5T.Chamavia.Extensions\R5T.Chamavia.Extensions.csproj", "{0AE62796-0135-4D1B-A08D-ACEEC53E372D}"
EndProject
Project("{9A19103F-16F7-4668-BE54-9A1E7A4F7556}") = "R5T.Langobard.Extensions", "..\..\R5T.Langobard.Extensions\source\R5T.Langobard.Extensions\R5T.Langobard.Extensions.csproj", "{4A2ACE72-3025-4A51-9A0F-383D71BB8E6F}"
EndProject
Project("{9A19103F-16F7-4668-BE54-9A1E7A4F7556}") = "R5T.Langobard.Console", "..\..\R5T.Langobard\source\R5T.Langobard.Console\R5T.Langobard.Console.csproj", "{AA58572B-B554-473F-9D3B-AF625A2166BD}"
EndProject
Project("{9A19103F-16F7-4668-BE54-9A1E7A4F7556}") = "R5T.Opatia", "..\..\R5T.Opatia\source\R5T.Opatia\R5T.Opatia.csproj", "{6310CDB3-9CDC-49B4-814C-66A95D1458F2}"
EndProject
Project("{9A19103F-16F7-4668-BE54-9A1E7A4F7556}") = "R5T.Lombardy.Standard", "..\..\R5T.Lombardy.Standard\source\R5T.Lombardy.Standard\R5T.Lombardy.Standard.csproj", "{F275037F-60A2-4BB1-97D2-865154FA296A}"
EndProject
Project("{9A19103F-16F7-4668-BE54-9A1E7A4F7556}") = "R5T.Lombardy", "..\..\R5T.Lombardy\source\R5T.Lombardy\R5T.Lombardy.csproj", "{63277602-7B57-49C7-A2CB-5A31BD8C29F5}"
EndProject
Project("{9A19103F-16F7-4668-BE54-9A1E7A4F7556}") = "R5T.Cherusci", "..\..\R5T.Cherusci\source\R5T.Cherusci\R5T.Cherusci.csproj", "{C9B8A978-27BD-41C3-ABE0-293A3479E6F3}"
EndProject
Project("{9A19103F-16F7-4668-BE54-9A1E7A4F7556}") = "R5T.Lombardy.Base", "..\..\R5T.Lombardy.Base\source\R5T.Lombardy.Base\R5T.Lombardy.Base.csproj", "{CB66AEA8-5B44-46EA-8C46-B252FE5647A4}"
EndProject
Project("{9A19103F-16F7-4668-BE54-9A1E7A4F7556}") = "R5T.Rugia", "..\..\R5T.Rugia\source\R5T.Rugia\R5T.Rugia.csproj", "{0BF0FF94-2BAD-4B6D-9D6E-63775ECECEE3}"
EndProject
Project("{9A19103F-16F7-4668-BE54-9A1E7A4F7556}") = "R5T.Rugia.Base", "..\..\R5T.Rugia.Base\source\R5T.Rugia.Base\R5T.Rugia.Base.csproj", "{C24153CC-FA0C-4775-9EF9-8FFA070BC59C}"
EndProject
Project("{9A19103F-16F7-4668-BE54-9A1E7A4F7556}") = "R5T.Macommania.Default", "..\..\R5T.Macommania.Default\source\R5T.Macommania.Default\R5T.Macommania.Default.csproj", "{72FF4703-AB5D-49FE-9E58-C95276AA510F}"
EndProject
Project("{9A19103F-16F7-4668-BE54-9A1E7A4F7556}") = "R5T.Macommania.Base", "..\..\R5T.Macommania.Base\source\R5T.Macommania.Base\R5T.Macommania.Base.csproj", "{D7E81B57-4208-43C8-9E7A-8764F59D9763}"
EndProject
Project("{9A19103F-16F7-4668-BE54-9A1E7A4F7556}") = "R5T.Scotia", "..\..\R5T.Scotia\source\R5T.Scotia\R5T.Scotia.csproj", "{BE683ACD-A120-4BC9-A55F-F994DDDAFE65}"
EndProject
Project("{9A19103F-16F7-4668-BE54-9A1E7A4F7556}") = "R5T.Alamania.Bulgaria", "..\..\R5T.Alamania.Bulgaria\source\R5T.Alamania.Bulgaria\R5T.Alamania.Bulgaria.csproj", "{C7D5FD60-3FD4-4688-BB7D-E84DC5BA653B}"
EndProject
Project("{9A19103F-16F7-4668-BE54-9A1E7A4F7556}") = "R5T.Alamania.Base", "..\..\R5T.Alamania.Base\source\R5T.Alamania.Base\R5T.Alamania.Base.csproj", "{7D49C4A6-E7B2-47D1-8195-0E5C006892D1}"
EndProject
Project("{9A19103F-16F7-4668-BE54-9A1E7A4F7556}") = "R5T.Bulgaria.Base", "..\..\R5T.Bulgaria.Base\source\R5T.Bulgaria.Base\R5T.Bulgaria.Base.csproj", "{24C56CBC-55F2-4712-B92E-5E6171ADA342}"
EndProject
Project("{9A19103F-16F7-4668-BE54-9A1E7A4F7556}") = "R5T.Costobocia.Base", "..\..\R5T.Costobocia.Base\source\R5T.Costobocia.Base\R5T.Costobocia.Base.csproj", "{ED36F166-9B14-4199-A0F6-D82F02C9644E}"
EndProject
Project("{9A19103F-16F7-4668-BE54-9A1E7A4F7556}") = "R5T.Ostrogothia.Abstractions", "..\..\R5T.Ostrogothia\source\R5T.Ostrogothia.Abstractions\R5T.Ostrogothia.Abstractions.csproj", "{25C178BD-7898-4DC3-B4D1-F3B00E95F1AB}"
EndProject
Project("{9A19103F-16F7-4668-BE54-9A1E7A4F7556}") = "R5T.Ostrogothia.Rivet.Types", "..\..\R5T.Ostrogothia.Rivet.Private\source\R5T.Ostrogothia.Rivet.Types\R5T.Ostrogothia.Rivet.Types.csproj", "{7482ED46-B83D-4399-BB83-FDE9D2F5E630}"
EndProject
Project("{9A19103F-16F7-4668-BE54-9A1E7A4F7556}") = "R5T.Ostrogothia.Types", "..\..\R5T.Ostrogothia\source\R5T.Ostrogothia.Types\R5T.Ostrogothia.Types.csproj", "{D8687DF8-08BD-4DB8-A89E-2E2DDFC29C5B}"
EndProject
Project("{9A19103F-16F7-4668-BE54-9A1E7A4F7556}") = "R5T.Bulgaria.Default.Local", "..\..\R5T.Bulgaria.Default.Local\source\R5T.Bulgaria.Default.Local\R5T.Bulgaria.Default.Local.csproj", "{A1DB0803-B18F-47EE-B965-E8DD8E34AC00}"
EndProject
Project("{9A19103F-16F7-4668-BE54-9A1E7A4F7556}") = "R5T.Visigothia.Base", "..\..\R5T.Visigothia.Base\source\R5T.Visigothia.Base\R5T.Visigothia.Base.csproj", "{C93B341C-ED61-4868-A5C6-7328D2E7225B}"
EndProject
Project("{9A19103F-16F7-4668-BE54-9A1E7A4F7556}") = "R5T.Costobocia.Default", "..\..\R5T.Costobocia.Default\source\R5T.Costobocia.Default\R5T.Costobocia.Default.csproj", "{D7D9A937-ECEB-440E-9FFA-D5AE4E87425F}"
EndProject
Project("{9A19103F-16F7-4668-BE54-9A1E7A4F7556}") = "R5T.Suebia.Alamania", "..\..\R5T.Suebia.Alamania\source\R5T.Suebia.Alamania\R5T.Suebia.Alamania.csproj", "{EC7D8FB6-C68E-4595-AC78-0E04219089C9}"
EndProject
Project("{9A19103F-16F7-4668-BE54-9A1E7A4F7556}") = "R5T.Quadia", "..\..\R5T.Quadia\source\R5T.Quadia\R5T.Quadia.csproj", "{B6127ACA-57FB-40DA-8DDA-1B99056A2D87}"
EndProject
Project("{9A19103F-16F7-4668-BE54-9A1E7A4F7556}") = "R5T.Suebia.Base", "..\..\R5T.Suebia.Base\source\R5T.Suebia.Base\R5T.Suebia.Base.csproj", "{CFC7AF8F-933D-4ED8-87DA-E1C4E12B6B98}"
EndProject
Project("{9A19103F-16F7-4668-BE54-9A1E7A4F7556}") = "R5T.Suebia.Default", "..\..\R5T.Suebia.Default\source\R5T.Suebia.Default\R5T.Suebia.Default.csproj", "{C7366FB9-E54F-4B0B-8032-C384E65A87DA}"
EndProject
Project("{9A19103F-16F7-4668-BE54-9A1E7A4F7556}") = "R5T.Visigothia.Default.Local", "..\..\R5T.Visigothia.Default.Local\source\R5T.Visigothia.Default.Local\R5T.Visigothia.Default.Local.csproj", "{5BE06C07-6B56-45C3-BD82-37FF98D6366B}"
EndProject
Project("{9A19103F-16F7-4668-BE54-9A1E7A4F7556}") = "R5T.Suebia.Hastings", "..\..\R5T.Suebia.Hastings\source\R5T.Suebia.Hastings\R5T.Suebia.Hastings.csproj", "{1E8DC029-CE54-41CD-A343-D4069624CCC2}"
EndProject
Project("{9A19103F-16F7-4668-BE54-9A1E7A4F7556}") = "R5T.Richmond.Abstractions", "..\..\R5T.Richmond.Abstractions\source\R5T.Richmond.Abstractions\R5T.Richmond.Abstractions.csproj", "{482CDFB3-7619-442E-801D-A53C34E5012C}"
EndProject
Project("{9A19103F-16F7-4668-BE54-9A1E7A4F7556}") = "R5T.Richmond.Types", "..\..\R5T.Richmond.Types\source\R5T.Richmond.Types\R5T.Richmond.Types.csproj", "{D59820EF-EBDC-4C17-8EB2-C31D916194A1}"
EndProject
Project("{9A19103F-16F7-4668-BE54-9A1E7A4F7556}") = "R5T.Tromso.ServiceProvider", "..\..\R5T.Tromso.ServiceProvider\source\R5T.Tromso.ServiceProvider\R5T.Tromso.ServiceProvider.csproj", "{0F92064B-CCD7-4A63-B862-95044A3BDF0D}"
EndProject
Project("{9A19103F-16F7-4668-BE54-9A1E7A4F7556}") = "R5T.Tromso.Types", "..\..\R5T.Tromso.Types\source\R5T.Tromso.Types\R5T.Tromso.Types.csproj", "{08947ACA-2E6E-4F44-87D8-E8A28A992FB1}"
EndProject
Project("{9A19103F-16F7-4668-BE54-9A1E7A4F7556}") = "R5T.Tromso.Abstractions", "..\..\R5T.Tromso.Abstractions\source\R5T.Tromso.Abstractions\R5T.Tromso.Abstractions.csproj", "{4DA16A7A-A223-4E79-BEFA-CC9A08125DE9}"
EndProject
Project("{9A19103F-16F7-4668-BE54-9A1E7A4F7556}") = "R5T.Tromso.Startup", "..\..\R5T.Tromso.Startup\source\R5T.Tromso.Startup\R5T.Tromso.Startup.csproj", "{9CC2B738-717F-4C65-8025-BF0F2851D446}"
EndProject
Project("{9A19103F-16F7-4668-BE54-9A1E7A4F7556}") = "R5T.Shrewsbury.Default", "..\..\R5T.Shrewsbury.Default\source\R5T.Shrewsbury.Default\R5T.Shrewsbury.Default.csproj", "{A147C818-A707-47A7-90B0-19E7E9721D21}"
EndProject
Project("{9A19103F-16F7-4668-BE54-9A1E7A4F7556}") = "R5T.Shrewsbury.Base", "..\..\R5T.Shrewsbury.Base\source\R5T.Shrewsbury.Base\R5T.Shrewsbury.Base.csproj", "{13BB712A-D267-40DB-BA10-22F164493BFE}"
EndProject
Project("{9A19103F-16F7-4668-BE54-9A1E7A4F7556}") = "R5T.Shrewsbury", "..\..\R5T.Shrewsbury\source\R5T.Shrewsbury\R5T.Shrewsbury.csproj", "{68B842AD-3D6C-4FA4-A1E3-D7B67CCE3A0E}"
EndProject
Project("{9A19103F-16F7-4668-BE54-9A1E7A4F7556}") = "R5T.Shrewsbury.Extensions", "..\..\R5T.Shrewsbury.Extensions\source\R5T.Shrewsbury.Extensions\R5T.Shrewsbury.Extensions.csproj", "{BBCE5DBA-440A-4717-B75B-598EB0290270}"
EndProject
Project("{9A19103F-16F7-4668-BE54-9A1E7A4F7556}") = "R5T.Liverpool.ServiceProvider", "..\..\R5T.Liverpool\source\R5T.Liverpool.ServiceProvider\R5T.Liverpool.ServiceProvider.csproj", "{218F6D7F-6FFD-46EF-AA0E-32836B24814F}"
EndProject
Project("{9A19103F-16F7-4668-BE54-9A1E7A4F7556}") = "R5T.Liverpool.ServiceProvider.Types", "..\..\R5T.Liverpool\source\R5T.Liverpool.ServiceProvider.Types\R5T.Liverpool.ServiceProvider.Types.csproj", "{0C231251-E9F8-435A-8162-274131CC8E97}"
EndProject
Project("{9A19103F-16F7-4668-BE54-9A1E7A4F7556}") = "R5T.D0023.Default", "..\..\R5T.D0023\source\R5T.D0023.Default\R5T.D0023.Default.csproj", "{F5EDA91A-D9E7-4BB3-BB90-35A314B2AEE3}"
EndProject
Project("{9A19103F-16F7-4668-BE54-9A1E7A4F7556}") = "R5T.D0023.Base", "..\..\R5T.D0023\source\R5T.D0023.Base\R5T.D0023.Base.csproj", "{7CEB190F-4C7F-4EC1-ABFC-AB07DEEA008D}"
EndProject
Project("{9A19103F-16F7-4668-BE54-9A1E7A4F7556}") = "R5T.Liverpool.Types", "..\..\R5T.Liverpool\source\R5T.Liverpool.Types\R5T.Liverpool.Types.csproj", "{CFAA959A-DFA7-4AB5-B711-B40F4E82E1BC}"
EndProject
Project("{9A19103F-16F7-4668-BE54-9A1E7A4F7556}") = "R5T.Liverpool.Abstractions", "..\..\R5T.Liverpool\source\R5T.Liverpool.Abstractions\R5T.Liverpool.Abstractions.csproj", "{EBA5ED98-1A5A-451C-826D-AE693D49F599}"
EndProject
Project("{9A19103F-16F7-4668-BE54-9A1E7A4F7556}") = "R5T.Liverpool.Startup", "..\..\R5T.Liverpool\source\R5T.Liverpool.Startup\R5T.Liverpool.Startup.csproj", "{BD779AA1-CAE5-49B7-B59D-168FFB5F2C4B}"
EndProject
Project("{9A19103F-16F7-4668-BE54-9A1E7A4F7556}") = "R5T.Liverpool.Startup.Core", "..\..\R5T.Liverpool\source\R5T.Liverpool.Startup.Core\R5T.Liverpool.Startup.Core.csproj", "{2D4BB722-03D1-4D13-A2C3-CBD347D9084D}"
EndProject
Project("{9A19103F-16F7-4668-BE54-9A1E7A4F7556}") = "R5T.Herulia.Extensions", "..\..\R5T.Herulia\source\R5T.Herulia.Extensions\R5T.Herulia.Extensions.csproj", "{B13D9DBC-BD6F-4EEF-9069-6B4F3045B087}"
EndProject
Global
	GlobalSection(SolutionConfigurationPlatforms) = preSolution
		Debug|Any CPU = Debug|Any CPU
		Debug|x64 = Debug|x64
		Debug|x86 = Debug|x86
		Release|Any CPU = Release|Any CPU
		Release|x64 = Release|x64
		Release|x86 = Release|x86
	EndGlobalSection
	GlobalSection(ProjectConfigurationPlatforms) = postSolution
		{0B589CCC-596C-4704-BD3A-6C6AA71DBBE2}.Debug|Any CPU.ActiveCfg = Debug|Any CPU
		{0B589CCC-596C-4704-BD3A-6C6AA71DBBE2}.Debug|Any CPU.Build.0 = Debug|Any CPU
		{0B589CCC-596C-4704-BD3A-6C6AA71DBBE2}.Debug|x64.ActiveCfg = Debug|Any CPU
		{0B589CCC-596C-4704-BD3A-6C6AA71DBBE2}.Debug|x64.Build.0 = Debug|Any CPU
		{0B589CCC-596C-4704-BD3A-6C6AA71DBBE2}.Debug|x86.ActiveCfg = Debug|Any CPU
		{0B589CCC-596C-4704-BD3A-6C6AA71DBBE2}.Debug|x86.Build.0 = Debug|Any CPU
		{0B589CCC-596C-4704-BD3A-6C6AA71DBBE2}.Release|Any CPU.ActiveCfg = Release|Any CPU
		{0B589CCC-596C-4704-BD3A-6C6AA71DBBE2}.Release|Any CPU.Build.0 = Release|Any CPU
		{0B589CCC-596C-4704-BD3A-6C6AA71DBBE2}.Release|x64.ActiveCfg = Release|Any CPU
		{0B589CCC-596C-4704-BD3A-6C6AA71DBBE2}.Release|x64.Build.0 = Release|Any CPU
		{0B589CCC-596C-4704-BD3A-6C6AA71DBBE2}.Release|x86.ActiveCfg = Release|Any CPU
		{0B589CCC-596C-4704-BD3A-6C6AA71DBBE2}.Release|x86.Build.0 = Release|Any CPU
		{78CF1016-1AB9-4499-A3BB-0B23A98201CE}.Debug|Any CPU.ActiveCfg = Debug|Any CPU
		{78CF1016-1AB9-4499-A3BB-0B23A98201CE}.Debug|Any CPU.Build.0 = Debug|Any CPU
		{78CF1016-1AB9-4499-A3BB-0B23A98201CE}.Debug|x64.ActiveCfg = Debug|Any CPU
		{78CF1016-1AB9-4499-A3BB-0B23A98201CE}.Debug|x64.Build.0 = Debug|Any CPU
		{78CF1016-1AB9-4499-A3BB-0B23A98201CE}.Debug|x86.ActiveCfg = Debug|Any CPU
		{78CF1016-1AB9-4499-A3BB-0B23A98201CE}.Debug|x86.Build.0 = Debug|Any CPU
		{78CF1016-1AB9-4499-A3BB-0B23A98201CE}.Release|Any CPU.ActiveCfg = Release|Any CPU
		{78CF1016-1AB9-4499-A3BB-0B23A98201CE}.Release|Any CPU.Build.0 = Release|Any CPU
		{78CF1016-1AB9-4499-A3BB-0B23A98201CE}.Release|x64.ActiveCfg = Release|Any CPU
		{78CF1016-1AB9-4499-A3BB-0B23A98201CE}.Release|x64.Build.0 = Release|Any CPU
		{78CF1016-1AB9-4499-A3BB-0B23A98201CE}.Release|x86.ActiveCfg = Release|Any CPU
		{78CF1016-1AB9-4499-A3BB-0B23A98201CE}.Release|x86.Build.0 = Release|Any CPU
		{5A648D43-BD9A-4F5D-9EAB-4F04FF8EFB13}.Debug|Any CPU.ActiveCfg = Debug|Any CPU
		{5A648D43-BD9A-4F5D-9EAB-4F04FF8EFB13}.Debug|Any CPU.Build.0 = Debug|Any CPU
		{5A648D43-BD9A-4F5D-9EAB-4F04FF8EFB13}.Debug|x64.ActiveCfg = Debug|Any CPU
		{5A648D43-BD9A-4F5D-9EAB-4F04FF8EFB13}.Debug|x64.Build.0 = Debug|Any CPU
		{5A648D43-BD9A-4F5D-9EAB-4F04FF8EFB13}.Debug|x86.ActiveCfg = Debug|Any CPU
		{5A648D43-BD9A-4F5D-9EAB-4F04FF8EFB13}.Debug|x86.Build.0 = Debug|Any CPU
		{5A648D43-BD9A-4F5D-9EAB-4F04FF8EFB13}.Release|Any CPU.ActiveCfg = Release|Any CPU
		{5A648D43-BD9A-4F5D-9EAB-4F04FF8EFB13}.Release|Any CPU.Build.0 = Release|Any CPU
		{5A648D43-BD9A-4F5D-9EAB-4F04FF8EFB13}.Release|x64.ActiveCfg = Release|Any CPU
		{5A648D43-BD9A-4F5D-9EAB-4F04FF8EFB13}.Release|x64.Build.0 = Release|Any CPU
		{5A648D43-BD9A-4F5D-9EAB-4F04FF8EFB13}.Release|x86.ActiveCfg = Release|Any CPU
		{5A648D43-BD9A-4F5D-9EAB-4F04FF8EFB13}.Release|x86.Build.0 = Release|Any CPU
		{A0023A48-0A74-4F82-9A89-C007CF08CDD6}.Debug|Any CPU.ActiveCfg = Debug|Any CPU
		{A0023A48-0A74-4F82-9A89-C007CF08CDD6}.Debug|Any CPU.Build.0 = Debug|Any CPU
		{A0023A48-0A74-4F82-9A89-C007CF08CDD6}.Debug|x64.ActiveCfg = Debug|Any CPU
		{A0023A48-0A74-4F82-9A89-C007CF08CDD6}.Debug|x64.Build.0 = Debug|Any CPU
		{A0023A48-0A74-4F82-9A89-C007CF08CDD6}.Debug|x86.ActiveCfg = Debug|Any CPU
		{A0023A48-0A74-4F82-9A89-C007CF08CDD6}.Debug|x86.Build.0 = Debug|Any CPU
		{A0023A48-0A74-4F82-9A89-C007CF08CDD6}.Release|Any CPU.ActiveCfg = Release|Any CPU
		{A0023A48-0A74-4F82-9A89-C007CF08CDD6}.Release|Any CPU.Build.0 = Release|Any CPU
		{A0023A48-0A74-4F82-9A89-C007CF08CDD6}.Release|x64.ActiveCfg = Release|Any CPU
		{A0023A48-0A74-4F82-9A89-C007CF08CDD6}.Release|x64.Build.0 = Release|Any CPU
		{A0023A48-0A74-4F82-9A89-C007CF08CDD6}.Release|x86.ActiveCfg = Release|Any CPU
		{A0023A48-0A74-4F82-9A89-C007CF08CDD6}.Release|x86.Build.0 = Release|Any CPU
		{EE657FDE-2C3B-4B9E-AA84-2E9BEFFFDBB5}.Debug|Any CPU.ActiveCfg = Debug|Any CPU
		{EE657FDE-2C3B-4B9E-AA84-2E9BEFFFDBB5}.Debug|Any CPU.Build.0 = Debug|Any CPU
		{EE657FDE-2C3B-4B9E-AA84-2E9BEFFFDBB5}.Debug|x64.ActiveCfg = Debug|Any CPU
		{EE657FDE-2C3B-4B9E-AA84-2E9BEFFFDBB5}.Debug|x64.Build.0 = Debug|Any CPU
		{EE657FDE-2C3B-4B9E-AA84-2E9BEFFFDBB5}.Debug|x86.ActiveCfg = Debug|Any CPU
		{EE657FDE-2C3B-4B9E-AA84-2E9BEFFFDBB5}.Debug|x86.Build.0 = Debug|Any CPU
		{EE657FDE-2C3B-4B9E-AA84-2E9BEFFFDBB5}.Release|Any CPU.ActiveCfg = Release|Any CPU
		{EE657FDE-2C3B-4B9E-AA84-2E9BEFFFDBB5}.Release|Any CPU.Build.0 = Release|Any CPU
		{EE657FDE-2C3B-4B9E-AA84-2E9BEFFFDBB5}.Release|x64.ActiveCfg = Release|Any CPU
		{EE657FDE-2C3B-4B9E-AA84-2E9BEFFFDBB5}.Release|x64.Build.0 = Release|Any CPU
		{EE657FDE-2C3B-4B9E-AA84-2E9BEFFFDBB5}.Release|x86.ActiveCfg = Release|Any CPU
		{EE657FDE-2C3B-4B9E-AA84-2E9BEFFFDBB5}.Release|x86.Build.0 = Release|Any CPU
		{B8218917-F127-4480-A878-634437E31E64}.Debug|Any CPU.ActiveCfg = Debug|Any CPU
		{B8218917-F127-4480-A878-634437E31E64}.Debug|Any CPU.Build.0 = Debug|Any CPU
		{B8218917-F127-4480-A878-634437E31E64}.Debug|x64.ActiveCfg = Debug|Any CPU
		{B8218917-F127-4480-A878-634437E31E64}.Debug|x64.Build.0 = Debug|Any CPU
		{B8218917-F127-4480-A878-634437E31E64}.Debug|x86.ActiveCfg = Debug|Any CPU
		{B8218917-F127-4480-A878-634437E31E64}.Debug|x86.Build.0 = Debug|Any CPU
		{B8218917-F127-4480-A878-634437E31E64}.Release|Any CPU.ActiveCfg = Release|Any CPU
		{B8218917-F127-4480-A878-634437E31E64}.Release|Any CPU.Build.0 = Release|Any CPU
		{B8218917-F127-4480-A878-634437E31E64}.Release|x64.ActiveCfg = Release|Any CPU
		{B8218917-F127-4480-A878-634437E31E64}.Release|x64.Build.0 = Release|Any CPU
		{B8218917-F127-4480-A878-634437E31E64}.Release|x86.ActiveCfg = Release|Any CPU
		{B8218917-F127-4480-A878-634437E31E64}.Release|x86.Build.0 = Release|Any CPU
		{E31CC78D-D09F-4052-BAAD-511F1CA7ACC8}.Debug|Any CPU.ActiveCfg = Debug|Any CPU
		{E31CC78D-D09F-4052-BAAD-511F1CA7ACC8}.Debug|Any CPU.Build.0 = Debug|Any CPU
		{E31CC78D-D09F-4052-BAAD-511F1CA7ACC8}.Debug|x64.ActiveCfg = Debug|Any CPU
		{E31CC78D-D09F-4052-BAAD-511F1CA7ACC8}.Debug|x64.Build.0 = Debug|Any CPU
		{E31CC78D-D09F-4052-BAAD-511F1CA7ACC8}.Debug|x86.ActiveCfg = Debug|Any CPU
		{E31CC78D-D09F-4052-BAAD-511F1CA7ACC8}.Debug|x86.Build.0 = Debug|Any CPU
		{E31CC78D-D09F-4052-BAAD-511F1CA7ACC8}.Release|Any CPU.ActiveCfg = Release|Any CPU
		{E31CC78D-D09F-4052-BAAD-511F1CA7ACC8}.Release|Any CPU.Build.0 = Release|Any CPU
		{E31CC78D-D09F-4052-BAAD-511F1CA7ACC8}.Release|x64.ActiveCfg = Release|Any CPU
		{E31CC78D-D09F-4052-BAAD-511F1CA7ACC8}.Release|x64.Build.0 = Release|Any CPU
		{E31CC78D-D09F-4052-BAAD-511F1CA7ACC8}.Release|x86.ActiveCfg = Release|Any CPU
		{E31CC78D-D09F-4052-BAAD-511F1CA7ACC8}.Release|x86.Build.0 = Release|Any CPU
		{CD44953E-4277-4420-8547-58B5ED8ECC11}.Debug|Any CPU.ActiveCfg = Debug|Any CPU
		{CD44953E-4277-4420-8547-58B5ED8ECC11}.Debug|Any CPU.Build.0 = Debug|Any CPU
		{CD44953E-4277-4420-8547-58B5ED8ECC11}.Debug|x64.ActiveCfg = Debug|Any CPU
		{CD44953E-4277-4420-8547-58B5ED8ECC11}.Debug|x64.Build.0 = Debug|Any CPU
		{CD44953E-4277-4420-8547-58B5ED8ECC11}.Debug|x86.ActiveCfg = Debug|Any CPU
		{CD44953E-4277-4420-8547-58B5ED8ECC11}.Debug|x86.Build.0 = Debug|Any CPU
		{CD44953E-4277-4420-8547-58B5ED8ECC11}.Release|Any CPU.ActiveCfg = Release|Any CPU
		{CD44953E-4277-4420-8547-58B5ED8ECC11}.Release|Any CPU.Build.0 = Release|Any CPU
		{CD44953E-4277-4420-8547-58B5ED8ECC11}.Release|x64.ActiveCfg = Release|Any CPU
		{CD44953E-4277-4420-8547-58B5ED8ECC11}.Release|x64.Build.0 = Release|Any CPU
		{CD44953E-4277-4420-8547-58B5ED8ECC11}.Release|x86.ActiveCfg = Release|Any CPU
		{CD44953E-4277-4420-8547-58B5ED8ECC11}.Release|x86.Build.0 = Release|Any CPU
		{6EF1793A-BF3E-4404-8F41-4EF5474A6E09}.Debug|Any CPU.ActiveCfg = Debug|Any CPU
		{6EF1793A-BF3E-4404-8F41-4EF5474A6E09}.Debug|Any CPU.Build.0 = Debug|Any CPU
		{6EF1793A-BF3E-4404-8F41-4EF5474A6E09}.Debug|x64.ActiveCfg = Debug|Any CPU
		{6EF1793A-BF3E-4404-8F41-4EF5474A6E09}.Debug|x64.Build.0 = Debug|Any CPU
		{6EF1793A-BF3E-4404-8F41-4EF5474A6E09}.Debug|x86.ActiveCfg = Debug|Any CPU
		{6EF1793A-BF3E-4404-8F41-4EF5474A6E09}.Debug|x86.Build.0 = Debug|Any CPU
		{6EF1793A-BF3E-4404-8F41-4EF5474A6E09}.Release|Any CPU.ActiveCfg = Release|Any CPU
		{6EF1793A-BF3E-4404-8F41-4EF5474A6E09}.Release|Any CPU.Build.0 = Release|Any CPU
		{6EF1793A-BF3E-4404-8F41-4EF5474A6E09}.Release|x64.ActiveCfg = Release|Any CPU
		{6EF1793A-BF3E-4404-8F41-4EF5474A6E09}.Release|x64.Build.0 = Release|Any CPU
		{6EF1793A-BF3E-4404-8F41-4EF5474A6E09}.Release|x86.ActiveCfg = Release|Any CPU
		{6EF1793A-BF3E-4404-8F41-4EF5474A6E09}.Release|x86.Build.0 = Release|Any CPU
		{BFB68C19-153B-4FBE-ABD9-78054C42FD37}.Debug|Any CPU.ActiveCfg = Debug|Any CPU
		{BFB68C19-153B-4FBE-ABD9-78054C42FD37}.Debug|Any CPU.Build.0 = Debug|Any CPU
		{BFB68C19-153B-4FBE-ABD9-78054C42FD37}.Debug|x64.ActiveCfg = Debug|Any CPU
		{BFB68C19-153B-4FBE-ABD9-78054C42FD37}.Debug|x64.Build.0 = Debug|Any CPU
		{BFB68C19-153B-4FBE-ABD9-78054C42FD37}.Debug|x86.ActiveCfg = Debug|Any CPU
		{BFB68C19-153B-4FBE-ABD9-78054C42FD37}.Debug|x86.Build.0 = Debug|Any CPU
		{BFB68C19-153B-4FBE-ABD9-78054C42FD37}.Release|Any CPU.ActiveCfg = Release|Any CPU
		{BFB68C19-153B-4FBE-ABD9-78054C42FD37}.Release|Any CPU.Build.0 = Release|Any CPU
		{BFB68C19-153B-4FBE-ABD9-78054C42FD37}.Release|x64.ActiveCfg = Release|Any CPU
		{BFB68C19-153B-4FBE-ABD9-78054C42FD37}.Release|x64.Build.0 = Release|Any CPU
		{BFB68C19-153B-4FBE-ABD9-78054C42FD37}.Release|x86.ActiveCfg = Release|Any CPU
		{BFB68C19-153B-4FBE-ABD9-78054C42FD37}.Release|x86.Build.0 = Release|Any CPU
		{7ECE04CD-C9EC-4B9D-8EB8-3134ED94849F}.Debug|Any CPU.ActiveCfg = Debug|Any CPU
		{7ECE04CD-C9EC-4B9D-8EB8-3134ED94849F}.Debug|Any CPU.Build.0 = Debug|Any CPU
		{7ECE04CD-C9EC-4B9D-8EB8-3134ED94849F}.Debug|x64.ActiveCfg = Debug|Any CPU
		{7ECE04CD-C9EC-4B9D-8EB8-3134ED94849F}.Debug|x64.Build.0 = Debug|Any CPU
		{7ECE04CD-C9EC-4B9D-8EB8-3134ED94849F}.Debug|x86.ActiveCfg = Debug|Any CPU
		{7ECE04CD-C9EC-4B9D-8EB8-3134ED94849F}.Debug|x86.Build.0 = Debug|Any CPU
		{7ECE04CD-C9EC-4B9D-8EB8-3134ED94849F}.Release|Any CPU.ActiveCfg = Release|Any CPU
		{7ECE04CD-C9EC-4B9D-8EB8-3134ED94849F}.Release|Any CPU.Build.0 = Release|Any CPU
		{7ECE04CD-C9EC-4B9D-8EB8-3134ED94849F}.Release|x64.ActiveCfg = Release|Any CPU
		{7ECE04CD-C9EC-4B9D-8EB8-3134ED94849F}.Release|x64.Build.0 = Release|Any CPU
		{7ECE04CD-C9EC-4B9D-8EB8-3134ED94849F}.Release|x86.ActiveCfg = Release|Any CPU
		{7ECE04CD-C9EC-4B9D-8EB8-3134ED94849F}.Release|x86.Build.0 = Release|Any CPU
		{635EFC74-001D-4E0C-BA65-AB37158B0DCA}.Debug|Any CPU.ActiveCfg = Debug|Any CPU
		{635EFC74-001D-4E0C-BA65-AB37158B0DCA}.Debug|Any CPU.Build.0 = Debug|Any CPU
		{635EFC74-001D-4E0C-BA65-AB37158B0DCA}.Debug|x64.ActiveCfg = Debug|Any CPU
		{635EFC74-001D-4E0C-BA65-AB37158B0DCA}.Debug|x64.Build.0 = Debug|Any CPU
		{635EFC74-001D-4E0C-BA65-AB37158B0DCA}.Debug|x86.ActiveCfg = Debug|Any CPU
		{635EFC74-001D-4E0C-BA65-AB37158B0DCA}.Debug|x86.Build.0 = Debug|Any CPU
		{635EFC74-001D-4E0C-BA65-AB37158B0DCA}.Release|Any CPU.ActiveCfg = Release|Any CPU
		{635EFC74-001D-4E0C-BA65-AB37158B0DCA}.Release|Any CPU.Build.0 = Release|Any CPU
		{635EFC74-001D-4E0C-BA65-AB37158B0DCA}.Release|x64.ActiveCfg = Release|Any CPU
		{635EFC74-001D-4E0C-BA65-AB37158B0DCA}.Release|x64.Build.0 = Release|Any CPU
		{635EFC74-001D-4E0C-BA65-AB37158B0DCA}.Release|x86.ActiveCfg = Release|Any CPU
		{635EFC74-001D-4E0C-BA65-AB37158B0DCA}.Release|x86.Build.0 = Release|Any CPU
		{A965854A-9101-47D3-8682-002426ED7108}.Debug|Any CPU.ActiveCfg = Debug|Any CPU
		{A965854A-9101-47D3-8682-002426ED7108}.Debug|Any CPU.Build.0 = Debug|Any CPU
		{A965854A-9101-47D3-8682-002426ED7108}.Debug|x64.ActiveCfg = Debug|Any CPU
		{A965854A-9101-47D3-8682-002426ED7108}.Debug|x64.Build.0 = Debug|Any CPU
		{A965854A-9101-47D3-8682-002426ED7108}.Debug|x86.ActiveCfg = Debug|Any CPU
		{A965854A-9101-47D3-8682-002426ED7108}.Debug|x86.Build.0 = Debug|Any CPU
		{A965854A-9101-47D3-8682-002426ED7108}.Release|Any CPU.ActiveCfg = Release|Any CPU
		{A965854A-9101-47D3-8682-002426ED7108}.Release|Any CPU.Build.0 = Release|Any CPU
		{A965854A-9101-47D3-8682-002426ED7108}.Release|x64.ActiveCfg = Release|Any CPU
		{A965854A-9101-47D3-8682-002426ED7108}.Release|x64.Build.0 = Release|Any CPU
		{A965854A-9101-47D3-8682-002426ED7108}.Release|x86.ActiveCfg = Release|Any CPU
		{A965854A-9101-47D3-8682-002426ED7108}.Release|x86.Build.0 = Release|Any CPU
		{0F4C2E2F-462C-4793-ABD4-AE25B5B015F6}.Debug|Any CPU.ActiveCfg = Debug|Any CPU
		{0F4C2E2F-462C-4793-ABD4-AE25B5B015F6}.Debug|Any CPU.Build.0 = Debug|Any CPU
		{0F4C2E2F-462C-4793-ABD4-AE25B5B015F6}.Debug|x64.ActiveCfg = Debug|Any CPU
		{0F4C2E2F-462C-4793-ABD4-AE25B5B015F6}.Debug|x64.Build.0 = Debug|Any CPU
		{0F4C2E2F-462C-4793-ABD4-AE25B5B015F6}.Debug|x86.ActiveCfg = Debug|Any CPU
		{0F4C2E2F-462C-4793-ABD4-AE25B5B015F6}.Debug|x86.Build.0 = Debug|Any CPU
		{0F4C2E2F-462C-4793-ABD4-AE25B5B015F6}.Release|Any CPU.ActiveCfg = Release|Any CPU
		{0F4C2E2F-462C-4793-ABD4-AE25B5B015F6}.Release|Any CPU.Build.0 = Release|Any CPU
		{0F4C2E2F-462C-4793-ABD4-AE25B5B015F6}.Release|x64.ActiveCfg = Release|Any CPU
		{0F4C2E2F-462C-4793-ABD4-AE25B5B015F6}.Release|x64.Build.0 = Release|Any CPU
		{0F4C2E2F-462C-4793-ABD4-AE25B5B015F6}.Release|x86.ActiveCfg = Release|Any CPU
		{0F4C2E2F-462C-4793-ABD4-AE25B5B015F6}.Release|x86.Build.0 = Release|Any CPU
		{ECBDD90C-F5AF-4985-8D86-D047656065C5}.Debug|Any CPU.ActiveCfg = Debug|Any CPU
		{ECBDD90C-F5AF-4985-8D86-D047656065C5}.Debug|Any CPU.Build.0 = Debug|Any CPU
		{ECBDD90C-F5AF-4985-8D86-D047656065C5}.Debug|x64.ActiveCfg = Debug|Any CPU
		{ECBDD90C-F5AF-4985-8D86-D047656065C5}.Debug|x64.Build.0 = Debug|Any CPU
		{ECBDD90C-F5AF-4985-8D86-D047656065C5}.Debug|x86.ActiveCfg = Debug|Any CPU
		{ECBDD90C-F5AF-4985-8D86-D047656065C5}.Debug|x86.Build.0 = Debug|Any CPU
		{ECBDD90C-F5AF-4985-8D86-D047656065C5}.Release|Any CPU.ActiveCfg = Release|Any CPU
		{ECBDD90C-F5AF-4985-8D86-D047656065C5}.Release|Any CPU.Build.0 = Release|Any CPU
		{ECBDD90C-F5AF-4985-8D86-D047656065C5}.Release|x64.ActiveCfg = Release|Any CPU
		{ECBDD90C-F5AF-4985-8D86-D047656065C5}.Release|x64.Build.0 = Release|Any CPU
		{ECBDD90C-F5AF-4985-8D86-D047656065C5}.Release|x86.ActiveCfg = Release|Any CPU
		{ECBDD90C-F5AF-4985-8D86-D047656065C5}.Release|x86.Build.0 = Release|Any CPU
		{457EDEBA-6016-49DD-9C13-2DC310B8C461}.Debug|Any CPU.ActiveCfg = Debug|Any CPU
		{457EDEBA-6016-49DD-9C13-2DC310B8C461}.Debug|Any CPU.Build.0 = Debug|Any CPU
		{457EDEBA-6016-49DD-9C13-2DC310B8C461}.Debug|x64.ActiveCfg = Debug|Any CPU
		{457EDEBA-6016-49DD-9C13-2DC310B8C461}.Debug|x64.Build.0 = Debug|Any CPU
		{457EDEBA-6016-49DD-9C13-2DC310B8C461}.Debug|x86.ActiveCfg = Debug|Any CPU
		{457EDEBA-6016-49DD-9C13-2DC310B8C461}.Debug|x86.Build.0 = Debug|Any CPU
		{457EDEBA-6016-49DD-9C13-2DC310B8C461}.Release|Any CPU.ActiveCfg = Release|Any CPU
		{457EDEBA-6016-49DD-9C13-2DC310B8C461}.Release|Any CPU.Build.0 = Release|Any CPU
		{457EDEBA-6016-49DD-9C13-2DC310B8C461}.Release|x64.ActiveCfg = Release|Any CPU
		{457EDEBA-6016-49DD-9C13-2DC310B8C461}.Release|x64.Build.0 = Release|Any CPU
		{457EDEBA-6016-49DD-9C13-2DC310B8C461}.Release|x86.ActiveCfg = Release|Any CPU
		{457EDEBA-6016-49DD-9C13-2DC310B8C461}.Release|x86.Build.0 = Release|Any CPU
		{EFFC41CB-1247-4249-B6A8-BDA195F2FCA7}.Debug|Any CPU.ActiveCfg = Debug|Any CPU
		{EFFC41CB-1247-4249-B6A8-BDA195F2FCA7}.Debug|Any CPU.Build.0 = Debug|Any CPU
		{EFFC41CB-1247-4249-B6A8-BDA195F2FCA7}.Debug|x64.ActiveCfg = Debug|Any CPU
		{EFFC41CB-1247-4249-B6A8-BDA195F2FCA7}.Debug|x64.Build.0 = Debug|Any CPU
		{EFFC41CB-1247-4249-B6A8-BDA195F2FCA7}.Debug|x86.ActiveCfg = Debug|Any CPU
		{EFFC41CB-1247-4249-B6A8-BDA195F2FCA7}.Debug|x86.Build.0 = Debug|Any CPU
		{EFFC41CB-1247-4249-B6A8-BDA195F2FCA7}.Release|Any CPU.ActiveCfg = Release|Any CPU
		{EFFC41CB-1247-4249-B6A8-BDA195F2FCA7}.Release|Any CPU.Build.0 = Release|Any CPU
		{EFFC41CB-1247-4249-B6A8-BDA195F2FCA7}.Release|x64.ActiveCfg = Release|Any CPU
		{EFFC41CB-1247-4249-B6A8-BDA195F2FCA7}.Release|x64.Build.0 = Release|Any CPU
		{EFFC41CB-1247-4249-B6A8-BDA195F2FCA7}.Release|x86.ActiveCfg = Release|Any CPU
		{EFFC41CB-1247-4249-B6A8-BDA195F2FCA7}.Release|x86.Build.0 = Release|Any CPU
		{23FA2A93-A1FF-48A0-87C3-6700823CC3E7}.Debug|Any CPU.ActiveCfg = Debug|Any CPU
		{23FA2A93-A1FF-48A0-87C3-6700823CC3E7}.Debug|Any CPU.Build.0 = Debug|Any CPU
		{23FA2A93-A1FF-48A0-87C3-6700823CC3E7}.Debug|x64.ActiveCfg = Debug|Any CPU
		{23FA2A93-A1FF-48A0-87C3-6700823CC3E7}.Debug|x64.Build.0 = Debug|Any CPU
		{23FA2A93-A1FF-48A0-87C3-6700823CC3E7}.Debug|x86.ActiveCfg = Debug|Any CPU
		{23FA2A93-A1FF-48A0-87C3-6700823CC3E7}.Debug|x86.Build.0 = Debug|Any CPU
		{23FA2A93-A1FF-48A0-87C3-6700823CC3E7}.Release|Any CPU.ActiveCfg = Release|Any CPU
		{23FA2A93-A1FF-48A0-87C3-6700823CC3E7}.Release|Any CPU.Build.0 = Release|Any CPU
		{23FA2A93-A1FF-48A0-87C3-6700823CC3E7}.Release|x64.ActiveCfg = Release|Any CPU
		{23FA2A93-A1FF-48A0-87C3-6700823CC3E7}.Release|x64.Build.0 = Release|Any CPU
		{23FA2A93-A1FF-48A0-87C3-6700823CC3E7}.Release|x86.ActiveCfg = Release|Any CPU
		{23FA2A93-A1FF-48A0-87C3-6700823CC3E7}.Release|x86.Build.0 = Release|Any CPU
		{D005203F-BB14-4CCE-B73C-098CA6F7F16E}.Debug|Any CPU.ActiveCfg = Debug|Any CPU
		{D005203F-BB14-4CCE-B73C-098CA6F7F16E}.Debug|Any CPU.Build.0 = Debug|Any CPU
		{D005203F-BB14-4CCE-B73C-098CA6F7F16E}.Debug|x64.ActiveCfg = Debug|Any CPU
		{D005203F-BB14-4CCE-B73C-098CA6F7F16E}.Debug|x64.Build.0 = Debug|Any CPU
		{D005203F-BB14-4CCE-B73C-098CA6F7F16E}.Debug|x86.ActiveCfg = Debug|Any CPU
		{D005203F-BB14-4CCE-B73C-098CA6F7F16E}.Debug|x86.Build.0 = Debug|Any CPU
		{D005203F-BB14-4CCE-B73C-098CA6F7F16E}.Release|Any CPU.ActiveCfg = Release|Any CPU
		{D005203F-BB14-4CCE-B73C-098CA6F7F16E}.Release|Any CPU.Build.0 = Release|Any CPU
		{D005203F-BB14-4CCE-B73C-098CA6F7F16E}.Release|x64.ActiveCfg = Release|Any CPU
		{D005203F-BB14-4CCE-B73C-098CA6F7F16E}.Release|x64.Build.0 = Release|Any CPU
		{D005203F-BB14-4CCE-B73C-098CA6F7F16E}.Release|x86.ActiveCfg = Release|Any CPU
		{D005203F-BB14-4CCE-B73C-098CA6F7F16E}.Release|x86.Build.0 = Release|Any CPU
		{728FF1A5-3348-4EB9-9D8C-3901BEBBA3EC}.Debug|Any CPU.ActiveCfg = Debug|Any CPU
		{728FF1A5-3348-4EB9-9D8C-3901BEBBA3EC}.Debug|Any CPU.Build.0 = Debug|Any CPU
		{728FF1A5-3348-4EB9-9D8C-3901BEBBA3EC}.Debug|x64.ActiveCfg = Debug|Any CPU
		{728FF1A5-3348-4EB9-9D8C-3901BEBBA3EC}.Debug|x64.Build.0 = Debug|Any CPU
		{728FF1A5-3348-4EB9-9D8C-3901BEBBA3EC}.Debug|x86.ActiveCfg = Debug|Any CPU
		{728FF1A5-3348-4EB9-9D8C-3901BEBBA3EC}.Debug|x86.Build.0 = Debug|Any CPU
		{728FF1A5-3348-4EB9-9D8C-3901BEBBA3EC}.Release|Any CPU.ActiveCfg = Release|Any CPU
		{728FF1A5-3348-4EB9-9D8C-3901BEBBA3EC}.Release|Any CPU.Build.0 = Release|Any CPU
		{728FF1A5-3348-4EB9-9D8C-3901BEBBA3EC}.Release|x64.ActiveCfg = Release|Any CPU
		{728FF1A5-3348-4EB9-9D8C-3901BEBBA3EC}.Release|x64.Build.0 = Release|Any CPU
		{728FF1A5-3348-4EB9-9D8C-3901BEBBA3EC}.Release|x86.ActiveCfg = Release|Any CPU
		{728FF1A5-3348-4EB9-9D8C-3901BEBBA3EC}.Release|x86.Build.0 = Release|Any CPU
		{E73D535B-2184-438B-A0F7-1A6EFA8A1361}.Debug|Any CPU.ActiveCfg = Debug|Any CPU
		{E73D535B-2184-438B-A0F7-1A6EFA8A1361}.Debug|Any CPU.Build.0 = Debug|Any CPU
		{E73D535B-2184-438B-A0F7-1A6EFA8A1361}.Debug|x64.ActiveCfg = Debug|Any CPU
		{E73D535B-2184-438B-A0F7-1A6EFA8A1361}.Debug|x64.Build.0 = Debug|Any CPU
		{E73D535B-2184-438B-A0F7-1A6EFA8A1361}.Debug|x86.ActiveCfg = Debug|Any CPU
		{E73D535B-2184-438B-A0F7-1A6EFA8A1361}.Debug|x86.Build.0 = Debug|Any CPU
		{E73D535B-2184-438B-A0F7-1A6EFA8A1361}.Release|Any CPU.ActiveCfg = Release|Any CPU
		{E73D535B-2184-438B-A0F7-1A6EFA8A1361}.Release|Any CPU.Build.0 = Release|Any CPU
		{E73D535B-2184-438B-A0F7-1A6EFA8A1361}.Release|x64.ActiveCfg = Release|Any CPU
		{E73D535B-2184-438B-A0F7-1A6EFA8A1361}.Release|x64.Build.0 = Release|Any CPU
		{E73D535B-2184-438B-A0F7-1A6EFA8A1361}.Release|x86.ActiveCfg = Release|Any CPU
		{E73D535B-2184-438B-A0F7-1A6EFA8A1361}.Release|x86.Build.0 = Release|Any CPU
		{29B12B71-2121-4C48-858B-8FEFD074DF9C}.Debug|Any CPU.ActiveCfg = Debug|Any CPU
		{29B12B71-2121-4C48-858B-8FEFD074DF9C}.Debug|Any CPU.Build.0 = Debug|Any CPU
		{29B12B71-2121-4C48-858B-8FEFD074DF9C}.Debug|x64.ActiveCfg = Debug|Any CPU
		{29B12B71-2121-4C48-858B-8FEFD074DF9C}.Debug|x64.Build.0 = Debug|Any CPU
		{29B12B71-2121-4C48-858B-8FEFD074DF9C}.Debug|x86.ActiveCfg = Debug|Any CPU
		{29B12B71-2121-4C48-858B-8FEFD074DF9C}.Debug|x86.Build.0 = Debug|Any CPU
		{29B12B71-2121-4C48-858B-8FEFD074DF9C}.Release|Any CPU.ActiveCfg = Release|Any CPU
		{29B12B71-2121-4C48-858B-8FEFD074DF9C}.Release|Any CPU.Build.0 = Release|Any CPU
		{29B12B71-2121-4C48-858B-8FEFD074DF9C}.Release|x64.ActiveCfg = Release|Any CPU
		{29B12B71-2121-4C48-858B-8FEFD074DF9C}.Release|x64.Build.0 = Release|Any CPU
		{29B12B71-2121-4C48-858B-8FEFD074DF9C}.Release|x86.ActiveCfg = Release|Any CPU
		{29B12B71-2121-4C48-858B-8FEFD074DF9C}.Release|x86.Build.0 = Release|Any CPU
		{0AE62796-0135-4D1B-A08D-ACEEC53E372D}.Debug|Any CPU.ActiveCfg = Debug|Any CPU
		{0AE62796-0135-4D1B-A08D-ACEEC53E372D}.Debug|Any CPU.Build.0 = Debug|Any CPU
		{0AE62796-0135-4D1B-A08D-ACEEC53E372D}.Debug|x64.ActiveCfg = Debug|Any CPU
		{0AE62796-0135-4D1B-A08D-ACEEC53E372D}.Debug|x64.Build.0 = Debug|Any CPU
		{0AE62796-0135-4D1B-A08D-ACEEC53E372D}.Debug|x86.ActiveCfg = Debug|Any CPU
		{0AE62796-0135-4D1B-A08D-ACEEC53E372D}.Debug|x86.Build.0 = Debug|Any CPU
		{0AE62796-0135-4D1B-A08D-ACEEC53E372D}.Release|Any CPU.ActiveCfg = Release|Any CPU
		{0AE62796-0135-4D1B-A08D-ACEEC53E372D}.Release|Any CPU.Build.0 = Release|Any CPU
		{0AE62796-0135-4D1B-A08D-ACEEC53E372D}.Release|x64.ActiveCfg = Release|Any CPU
		{0AE62796-0135-4D1B-A08D-ACEEC53E372D}.Release|x64.Build.0 = Release|Any CPU
		{0AE62796-0135-4D1B-A08D-ACEEC53E372D}.Release|x86.ActiveCfg = Release|Any CPU
		{0AE62796-0135-4D1B-A08D-ACEEC53E372D}.Release|x86.Build.0 = Release|Any CPU
		{4A2ACE72-3025-4A51-9A0F-383D71BB8E6F}.Debug|Any CPU.ActiveCfg = Debug|Any CPU
		{4A2ACE72-3025-4A51-9A0F-383D71BB8E6F}.Debug|Any CPU.Build.0 = Debug|Any CPU
		{4A2ACE72-3025-4A51-9A0F-383D71BB8E6F}.Debug|x64.ActiveCfg = Debug|Any CPU
		{4A2ACE72-3025-4A51-9A0F-383D71BB8E6F}.Debug|x64.Build.0 = Debug|Any CPU
		{4A2ACE72-3025-4A51-9A0F-383D71BB8E6F}.Debug|x86.ActiveCfg = Debug|Any CPU
		{4A2ACE72-3025-4A51-9A0F-383D71BB8E6F}.Debug|x86.Build.0 = Debug|Any CPU
		{4A2ACE72-3025-4A51-9A0F-383D71BB8E6F}.Release|Any CPU.ActiveCfg = Release|Any CPU
		{4A2ACE72-3025-4A51-9A0F-383D71BB8E6F}.Release|Any CPU.Build.0 = Release|Any CPU
		{4A2ACE72-3025-4A51-9A0F-383D71BB8E6F}.Release|x64.ActiveCfg = Release|Any CPU
		{4A2ACE72-3025-4A51-9A0F-383D71BB8E6F}.Release|x64.Build.0 = Release|Any CPU
		{4A2ACE72-3025-4A51-9A0F-383D71BB8E6F}.Release|x86.ActiveCfg = Release|Any CPU
		{4A2ACE72-3025-4A51-9A0F-383D71BB8E6F}.Release|x86.Build.0 = Release|Any CPU
		{AA58572B-B554-473F-9D3B-AF625A2166BD}.Debug|Any CPU.ActiveCfg = Debug|Any CPU
		{AA58572B-B554-473F-9D3B-AF625A2166BD}.Debug|Any CPU.Build.0 = Debug|Any CPU
		{AA58572B-B554-473F-9D3B-AF625A2166BD}.Debug|x64.ActiveCfg = Debug|Any CPU
		{AA58572B-B554-473F-9D3B-AF625A2166BD}.Debug|x64.Build.0 = Debug|Any CPU
		{AA58572B-B554-473F-9D3B-AF625A2166BD}.Debug|x86.ActiveCfg = Debug|Any CPU
		{AA58572B-B554-473F-9D3B-AF625A2166BD}.Debug|x86.Build.0 = Debug|Any CPU
		{AA58572B-B554-473F-9D3B-AF625A2166BD}.Release|Any CPU.ActiveCfg = Release|Any CPU
		{AA58572B-B554-473F-9D3B-AF625A2166BD}.Release|Any CPU.Build.0 = Release|Any CPU
		{AA58572B-B554-473F-9D3B-AF625A2166BD}.Release|x64.ActiveCfg = Release|Any CPU
		{AA58572B-B554-473F-9D3B-AF625A2166BD}.Release|x64.Build.0 = Release|Any CPU
		{AA58572B-B554-473F-9D3B-AF625A2166BD}.Release|x86.ActiveCfg = Release|Any CPU
		{AA58572B-B554-473F-9D3B-AF625A2166BD}.Release|x86.Build.0 = Release|Any CPU
		{6310CDB3-9CDC-49B4-814C-66A95D1458F2}.Debug|Any CPU.ActiveCfg = Debug|Any CPU
		{6310CDB3-9CDC-49B4-814C-66A95D1458F2}.Debug|Any CPU.Build.0 = Debug|Any CPU
		{6310CDB3-9CDC-49B4-814C-66A95D1458F2}.Debug|x64.ActiveCfg = Debug|Any CPU
		{6310CDB3-9CDC-49B4-814C-66A95D1458F2}.Debug|x64.Build.0 = Debug|Any CPU
		{6310CDB3-9CDC-49B4-814C-66A95D1458F2}.Debug|x86.ActiveCfg = Debug|Any CPU
		{6310CDB3-9CDC-49B4-814C-66A95D1458F2}.Debug|x86.Build.0 = Debug|Any CPU
		{6310CDB3-9CDC-49B4-814C-66A95D1458F2}.Release|Any CPU.ActiveCfg = Release|Any CPU
		{6310CDB3-9CDC-49B4-814C-66A95D1458F2}.Release|Any CPU.Build.0 = Release|Any CPU
		{6310CDB3-9CDC-49B4-814C-66A95D1458F2}.Release|x64.ActiveCfg = Release|Any CPU
		{6310CDB3-9CDC-49B4-814C-66A95D1458F2}.Release|x64.Build.0 = Release|Any CPU
		{6310CDB3-9CDC-49B4-814C-66A95D1458F2}.Release|x86.ActiveCfg = Release|Any CPU
		{6310CDB3-9CDC-49B4-814C-66A95D1458F2}.Release|x86.Build.0 = Release|Any CPU
		{F275037F-60A2-4BB1-97D2-865154FA296A}.Debug|Any CPU.ActiveCfg = Debug|Any CPU
		{F275037F-60A2-4BB1-97D2-865154FA296A}.Debug|Any CPU.Build.0 = Debug|Any CPU
		{F275037F-60A2-4BB1-97D2-865154FA296A}.Debug|x64.ActiveCfg = Debug|Any CPU
		{F275037F-60A2-4BB1-97D2-865154FA296A}.Debug|x64.Build.0 = Debug|Any CPU
		{F275037F-60A2-4BB1-97D2-865154FA296A}.Debug|x86.ActiveCfg = Debug|Any CPU
		{F275037F-60A2-4BB1-97D2-865154FA296A}.Debug|x86.Build.0 = Debug|Any CPU
		{F275037F-60A2-4BB1-97D2-865154FA296A}.Release|Any CPU.ActiveCfg = Release|Any CPU
		{F275037F-60A2-4BB1-97D2-865154FA296A}.Release|Any CPU.Build.0 = Release|Any CPU
		{F275037F-60A2-4BB1-97D2-865154FA296A}.Release|x64.ActiveCfg = Release|Any CPU
		{F275037F-60A2-4BB1-97D2-865154FA296A}.Release|x64.Build.0 = Release|Any CPU
		{F275037F-60A2-4BB1-97D2-865154FA296A}.Release|x86.ActiveCfg = Release|Any CPU
		{F275037F-60A2-4BB1-97D2-865154FA296A}.Release|x86.Build.0 = Release|Any CPU
		{63277602-7B57-49C7-A2CB-5A31BD8C29F5}.Debug|Any CPU.ActiveCfg = Debug|Any CPU
		{63277602-7B57-49C7-A2CB-5A31BD8C29F5}.Debug|Any CPU.Build.0 = Debug|Any CPU
		{63277602-7B57-49C7-A2CB-5A31BD8C29F5}.Debug|x64.ActiveCfg = Debug|Any CPU
		{63277602-7B57-49C7-A2CB-5A31BD8C29F5}.Debug|x64.Build.0 = Debug|Any CPU
		{63277602-7B57-49C7-A2CB-5A31BD8C29F5}.Debug|x86.ActiveCfg = Debug|Any CPU
		{63277602-7B57-49C7-A2CB-5A31BD8C29F5}.Debug|x86.Build.0 = Debug|Any CPU
		{63277602-7B57-49C7-A2CB-5A31BD8C29F5}.Release|Any CPU.ActiveCfg = Release|Any CPU
		{63277602-7B57-49C7-A2CB-5A31BD8C29F5}.Release|Any CPU.Build.0 = Release|Any CPU
		{63277602-7B57-49C7-A2CB-5A31BD8C29F5}.Release|x64.ActiveCfg = Release|Any CPU
		{63277602-7B57-49C7-A2CB-5A31BD8C29F5}.Release|x64.Build.0 = Release|Any CPU
		{63277602-7B57-49C7-A2CB-5A31BD8C29F5}.Release|x86.ActiveCfg = Release|Any CPU
		{63277602-7B57-49C7-A2CB-5A31BD8C29F5}.Release|x86.Build.0 = Release|Any CPU
		{C9B8A978-27BD-41C3-ABE0-293A3479E6F3}.Debug|Any CPU.ActiveCfg = Debug|Any CPU
		{C9B8A978-27BD-41C3-ABE0-293A3479E6F3}.Debug|Any CPU.Build.0 = Debug|Any CPU
		{C9B8A978-27BD-41C3-ABE0-293A3479E6F3}.Debug|x64.ActiveCfg = Debug|Any CPU
		{C9B8A978-27BD-41C3-ABE0-293A3479E6F3}.Debug|x64.Build.0 = Debug|Any CPU
		{C9B8A978-27BD-41C3-ABE0-293A3479E6F3}.Debug|x86.ActiveCfg = Debug|Any CPU
		{C9B8A978-27BD-41C3-ABE0-293A3479E6F3}.Debug|x86.Build.0 = Debug|Any CPU
		{C9B8A978-27BD-41C3-ABE0-293A3479E6F3}.Release|Any CPU.ActiveCfg = Release|Any CPU
		{C9B8A978-27BD-41C3-ABE0-293A3479E6F3}.Release|Any CPU.Build.0 = Release|Any CPU
		{C9B8A978-27BD-41C3-ABE0-293A3479E6F3}.Release|x64.ActiveCfg = Release|Any CPU
		{C9B8A978-27BD-41C3-ABE0-293A3479E6F3}.Release|x64.Build.0 = Release|Any CPU
		{C9B8A978-27BD-41C3-ABE0-293A3479E6F3}.Release|x86.ActiveCfg = Release|Any CPU
		{C9B8A978-27BD-41C3-ABE0-293A3479E6F3}.Release|x86.Build.0 = Release|Any CPU
		{CB66AEA8-5B44-46EA-8C46-B252FE5647A4}.Debug|Any CPU.ActiveCfg = Debug|Any CPU
		{CB66AEA8-5B44-46EA-8C46-B252FE5647A4}.Debug|Any CPU.Build.0 = Debug|Any CPU
		{CB66AEA8-5B44-46EA-8C46-B252FE5647A4}.Debug|x64.ActiveCfg = Debug|Any CPU
		{CB66AEA8-5B44-46EA-8C46-B252FE5647A4}.Debug|x64.Build.0 = Debug|Any CPU
		{CB66AEA8-5B44-46EA-8C46-B252FE5647A4}.Debug|x86.ActiveCfg = Debug|Any CPU
		{CB66AEA8-5B44-46EA-8C46-B252FE5647A4}.Debug|x86.Build.0 = Debug|Any CPU
		{CB66AEA8-5B44-46EA-8C46-B252FE5647A4}.Release|Any CPU.ActiveCfg = Release|Any CPU
		{CB66AEA8-5B44-46EA-8C46-B252FE5647A4}.Release|Any CPU.Build.0 = Release|Any CPU
		{CB66AEA8-5B44-46EA-8C46-B252FE5647A4}.Release|x64.ActiveCfg = Release|Any CPU
		{CB66AEA8-5B44-46EA-8C46-B252FE5647A4}.Release|x64.Build.0 = Release|Any CPU
		{CB66AEA8-5B44-46EA-8C46-B252FE5647A4}.Release|x86.ActiveCfg = Release|Any CPU
		{CB66AEA8-5B44-46EA-8C46-B252FE5647A4}.Release|x86.Build.0 = Release|Any CPU
		{0BF0FF94-2BAD-4B6D-9D6E-63775ECECEE3}.Debug|Any CPU.ActiveCfg = Debug|Any CPU
		{0BF0FF94-2BAD-4B6D-9D6E-63775ECECEE3}.Debug|Any CPU.Build.0 = Debug|Any CPU
		{0BF0FF94-2BAD-4B6D-9D6E-63775ECECEE3}.Debug|x64.ActiveCfg = Debug|Any CPU
		{0BF0FF94-2BAD-4B6D-9D6E-63775ECECEE3}.Debug|x64.Build.0 = Debug|Any CPU
		{0BF0FF94-2BAD-4B6D-9D6E-63775ECECEE3}.Debug|x86.ActiveCfg = Debug|Any CPU
		{0BF0FF94-2BAD-4B6D-9D6E-63775ECECEE3}.Debug|x86.Build.0 = Debug|Any CPU
		{0BF0FF94-2BAD-4B6D-9D6E-63775ECECEE3}.Release|Any CPU.ActiveCfg = Release|Any CPU
		{0BF0FF94-2BAD-4B6D-9D6E-63775ECECEE3}.Release|Any CPU.Build.0 = Release|Any CPU
		{0BF0FF94-2BAD-4B6D-9D6E-63775ECECEE3}.Release|x64.ActiveCfg = Release|Any CPU
		{0BF0FF94-2BAD-4B6D-9D6E-63775ECECEE3}.Release|x64.Build.0 = Release|Any CPU
		{0BF0FF94-2BAD-4B6D-9D6E-63775ECECEE3}.Release|x86.ActiveCfg = Release|Any CPU
		{0BF0FF94-2BAD-4B6D-9D6E-63775ECECEE3}.Release|x86.Build.0 = Release|Any CPU
		{C24153CC-FA0C-4775-9EF9-8FFA070BC59C}.Debug|Any CPU.ActiveCfg = Debug|Any CPU
		{C24153CC-FA0C-4775-9EF9-8FFA070BC59C}.Debug|Any CPU.Build.0 = Debug|Any CPU
		{C24153CC-FA0C-4775-9EF9-8FFA070BC59C}.Debug|x64.ActiveCfg = Debug|Any CPU
		{C24153CC-FA0C-4775-9EF9-8FFA070BC59C}.Debug|x64.Build.0 = Debug|Any CPU
		{C24153CC-FA0C-4775-9EF9-8FFA070BC59C}.Debug|x86.ActiveCfg = Debug|Any CPU
		{C24153CC-FA0C-4775-9EF9-8FFA070BC59C}.Debug|x86.Build.0 = Debug|Any CPU
		{C24153CC-FA0C-4775-9EF9-8FFA070BC59C}.Release|Any CPU.ActiveCfg = Release|Any CPU
		{C24153CC-FA0C-4775-9EF9-8FFA070BC59C}.Release|Any CPU.Build.0 = Release|Any CPU
		{C24153CC-FA0C-4775-9EF9-8FFA070BC59C}.Release|x64.ActiveCfg = Release|Any CPU
		{C24153CC-FA0C-4775-9EF9-8FFA070BC59C}.Release|x64.Build.0 = Release|Any CPU
		{C24153CC-FA0C-4775-9EF9-8FFA070BC59C}.Release|x86.ActiveCfg = Release|Any CPU
		{C24153CC-FA0C-4775-9EF9-8FFA070BC59C}.Release|x86.Build.0 = Release|Any CPU
		{72FF4703-AB5D-49FE-9E58-C95276AA510F}.Debug|Any CPU.ActiveCfg = Debug|Any CPU
		{72FF4703-AB5D-49FE-9E58-C95276AA510F}.Debug|Any CPU.Build.0 = Debug|Any CPU
		{72FF4703-AB5D-49FE-9E58-C95276AA510F}.Debug|x64.ActiveCfg = Debug|Any CPU
		{72FF4703-AB5D-49FE-9E58-C95276AA510F}.Debug|x64.Build.0 = Debug|Any CPU
		{72FF4703-AB5D-49FE-9E58-C95276AA510F}.Debug|x86.ActiveCfg = Debug|Any CPU
		{72FF4703-AB5D-49FE-9E58-C95276AA510F}.Debug|x86.Build.0 = Debug|Any CPU
		{72FF4703-AB5D-49FE-9E58-C95276AA510F}.Release|Any CPU.ActiveCfg = Release|Any CPU
		{72FF4703-AB5D-49FE-9E58-C95276AA510F}.Release|Any CPU.Build.0 = Release|Any CPU
		{72FF4703-AB5D-49FE-9E58-C95276AA510F}.Release|x64.ActiveCfg = Release|Any CPU
		{72FF4703-AB5D-49FE-9E58-C95276AA510F}.Release|x64.Build.0 = Release|Any CPU
		{72FF4703-AB5D-49FE-9E58-C95276AA510F}.Release|x86.ActiveCfg = Release|Any CPU
		{72FF4703-AB5D-49FE-9E58-C95276AA510F}.Release|x86.Build.0 = Release|Any CPU
		{D7E81B57-4208-43C8-9E7A-8764F59D9763}.Debug|Any CPU.ActiveCfg = Debug|Any CPU
		{D7E81B57-4208-43C8-9E7A-8764F59D9763}.Debug|Any CPU.Build.0 = Debug|Any CPU
		{D7E81B57-4208-43C8-9E7A-8764F59D9763}.Debug|x64.ActiveCfg = Debug|Any CPU
		{D7E81B57-4208-43C8-9E7A-8764F59D9763}.Debug|x64.Build.0 = Debug|Any CPU
		{D7E81B57-4208-43C8-9E7A-8764F59D9763}.Debug|x86.ActiveCfg = Debug|Any CPU
		{D7E81B57-4208-43C8-9E7A-8764F59D9763}.Debug|x86.Build.0 = Debug|Any CPU
		{D7E81B57-4208-43C8-9E7A-8764F59D9763}.Release|Any CPU.ActiveCfg = Release|Any CPU
		{D7E81B57-4208-43C8-9E7A-8764F59D9763}.Release|Any CPU.Build.0 = Release|Any CPU
		{D7E81B57-4208-43C8-9E7A-8764F59D9763}.Release|x64.ActiveCfg = Release|Any CPU
		{D7E81B57-4208-43C8-9E7A-8764F59D9763}.Release|x64.Build.0 = Release|Any CPU
		{D7E81B57-4208-43C8-9E7A-8764F59D9763}.Release|x86.ActiveCfg = Release|Any CPU
		{D7E81B57-4208-43C8-9E7A-8764F59D9763}.Release|x86.Build.0 = Release|Any CPU
		{BE683ACD-A120-4BC9-A55F-F994DDDAFE65}.Debug|Any CPU.ActiveCfg = Debug|Any CPU
		{BE683ACD-A120-4BC9-A55F-F994DDDAFE65}.Debug|Any CPU.Build.0 = Debug|Any CPU
		{BE683ACD-A120-4BC9-A55F-F994DDDAFE65}.Debug|x64.ActiveCfg = Debug|Any CPU
		{BE683ACD-A120-4BC9-A55F-F994DDDAFE65}.Debug|x64.Build.0 = Debug|Any CPU
		{BE683ACD-A120-4BC9-A55F-F994DDDAFE65}.Debug|x86.ActiveCfg = Debug|Any CPU
		{BE683ACD-A120-4BC9-A55F-F994DDDAFE65}.Debug|x86.Build.0 = Debug|Any CPU
		{BE683ACD-A120-4BC9-A55F-F994DDDAFE65}.Release|Any CPU.ActiveCfg = Release|Any CPU
		{BE683ACD-A120-4BC9-A55F-F994DDDAFE65}.Release|Any CPU.Build.0 = Release|Any CPU
		{BE683ACD-A120-4BC9-A55F-F994DDDAFE65}.Release|x64.ActiveCfg = Release|Any CPU
		{BE683ACD-A120-4BC9-A55F-F994DDDAFE65}.Release|x64.Build.0 = Release|Any CPU
		{BE683ACD-A120-4BC9-A55F-F994DDDAFE65}.Release|x86.ActiveCfg = Release|Any CPU
		{BE683ACD-A120-4BC9-A55F-F994DDDAFE65}.Release|x86.Build.0 = Release|Any CPU
		{C7D5FD60-3FD4-4688-BB7D-E84DC5BA653B}.Debug|Any CPU.ActiveCfg = Debug|Any CPU
		{C7D5FD60-3FD4-4688-BB7D-E84DC5BA653B}.Debug|Any CPU.Build.0 = Debug|Any CPU
		{C7D5FD60-3FD4-4688-BB7D-E84DC5BA653B}.Debug|x64.ActiveCfg = Debug|Any CPU
		{C7D5FD60-3FD4-4688-BB7D-E84DC5BA653B}.Debug|x64.Build.0 = Debug|Any CPU
		{C7D5FD60-3FD4-4688-BB7D-E84DC5BA653B}.Debug|x86.ActiveCfg = Debug|Any CPU
		{C7D5FD60-3FD4-4688-BB7D-E84DC5BA653B}.Debug|x86.Build.0 = Debug|Any CPU
		{C7D5FD60-3FD4-4688-BB7D-E84DC5BA653B}.Release|Any CPU.ActiveCfg = Release|Any CPU
		{C7D5FD60-3FD4-4688-BB7D-E84DC5BA653B}.Release|Any CPU.Build.0 = Release|Any CPU
		{C7D5FD60-3FD4-4688-BB7D-E84DC5BA653B}.Release|x64.ActiveCfg = Release|Any CPU
		{C7D5FD60-3FD4-4688-BB7D-E84DC5BA653B}.Release|x64.Build.0 = Release|Any CPU
		{C7D5FD60-3FD4-4688-BB7D-E84DC5BA653B}.Release|x86.ActiveCfg = Release|Any CPU
		{C7D5FD60-3FD4-4688-BB7D-E84DC5BA653B}.Release|x86.Build.0 = Release|Any CPU
		{7D49C4A6-E7B2-47D1-8195-0E5C006892D1}.Debug|Any CPU.ActiveCfg = Debug|Any CPU
		{7D49C4A6-E7B2-47D1-8195-0E5C006892D1}.Debug|Any CPU.Build.0 = Debug|Any CPU
		{7D49C4A6-E7B2-47D1-8195-0E5C006892D1}.Debug|x64.ActiveCfg = Debug|Any CPU
		{7D49C4A6-E7B2-47D1-8195-0E5C006892D1}.Debug|x64.Build.0 = Debug|Any CPU
		{7D49C4A6-E7B2-47D1-8195-0E5C006892D1}.Debug|x86.ActiveCfg = Debug|Any CPU
		{7D49C4A6-E7B2-47D1-8195-0E5C006892D1}.Debug|x86.Build.0 = Debug|Any CPU
		{7D49C4A6-E7B2-47D1-8195-0E5C006892D1}.Release|Any CPU.ActiveCfg = Release|Any CPU
		{7D49C4A6-E7B2-47D1-8195-0E5C006892D1}.Release|Any CPU.Build.0 = Release|Any CPU
		{7D49C4A6-E7B2-47D1-8195-0E5C006892D1}.Release|x64.ActiveCfg = Release|Any CPU
		{7D49C4A6-E7B2-47D1-8195-0E5C006892D1}.Release|x64.Build.0 = Release|Any CPU
		{7D49C4A6-E7B2-47D1-8195-0E5C006892D1}.Release|x86.ActiveCfg = Release|Any CPU
		{7D49C4A6-E7B2-47D1-8195-0E5C006892D1}.Release|x86.Build.0 = Release|Any CPU
		{24C56CBC-55F2-4712-B92E-5E6171ADA342}.Debug|Any CPU.ActiveCfg = Debug|Any CPU
		{24C56CBC-55F2-4712-B92E-5E6171ADA342}.Debug|Any CPU.Build.0 = Debug|Any CPU
		{24C56CBC-55F2-4712-B92E-5E6171ADA342}.Debug|x64.ActiveCfg = Debug|Any CPU
		{24C56CBC-55F2-4712-B92E-5E6171ADA342}.Debug|x64.Build.0 = Debug|Any CPU
		{24C56CBC-55F2-4712-B92E-5E6171ADA342}.Debug|x86.ActiveCfg = Debug|Any CPU
		{24C56CBC-55F2-4712-B92E-5E6171ADA342}.Debug|x86.Build.0 = Debug|Any CPU
		{24C56CBC-55F2-4712-B92E-5E6171ADA342}.Release|Any CPU.ActiveCfg = Release|Any CPU
		{24C56CBC-55F2-4712-B92E-5E6171ADA342}.Release|Any CPU.Build.0 = Release|Any CPU
		{24C56CBC-55F2-4712-B92E-5E6171ADA342}.Release|x64.ActiveCfg = Release|Any CPU
		{24C56CBC-55F2-4712-B92E-5E6171ADA342}.Release|x64.Build.0 = Release|Any CPU
		{24C56CBC-55F2-4712-B92E-5E6171ADA342}.Release|x86.ActiveCfg = Release|Any CPU
		{24C56CBC-55F2-4712-B92E-5E6171ADA342}.Release|x86.Build.0 = Release|Any CPU
		{ED36F166-9B14-4199-A0F6-D82F02C9644E}.Debug|Any CPU.ActiveCfg = Debug|Any CPU
		{ED36F166-9B14-4199-A0F6-D82F02C9644E}.Debug|Any CPU.Build.0 = Debug|Any CPU
		{ED36F166-9B14-4199-A0F6-D82F02C9644E}.Debug|x64.ActiveCfg = Debug|Any CPU
		{ED36F166-9B14-4199-A0F6-D82F02C9644E}.Debug|x64.Build.0 = Debug|Any CPU
		{ED36F166-9B14-4199-A0F6-D82F02C9644E}.Debug|x86.ActiveCfg = Debug|Any CPU
		{ED36F166-9B14-4199-A0F6-D82F02C9644E}.Debug|x86.Build.0 = Debug|Any CPU
		{ED36F166-9B14-4199-A0F6-D82F02C9644E}.Release|Any CPU.ActiveCfg = Release|Any CPU
		{ED36F166-9B14-4199-A0F6-D82F02C9644E}.Release|Any CPU.Build.0 = Release|Any CPU
		{ED36F166-9B14-4199-A0F6-D82F02C9644E}.Release|x64.ActiveCfg = Release|Any CPU
		{ED36F166-9B14-4199-A0F6-D82F02C9644E}.Release|x64.Build.0 = Release|Any CPU
		{ED36F166-9B14-4199-A0F6-D82F02C9644E}.Release|x86.ActiveCfg = Release|Any CPU
		{ED36F166-9B14-4199-A0F6-D82F02C9644E}.Release|x86.Build.0 = Release|Any CPU
		{25C178BD-7898-4DC3-B4D1-F3B00E95F1AB}.Debug|Any CPU.ActiveCfg = Debug|Any CPU
		{25C178BD-7898-4DC3-B4D1-F3B00E95F1AB}.Debug|Any CPU.Build.0 = Debug|Any CPU
		{25C178BD-7898-4DC3-B4D1-F3B00E95F1AB}.Debug|x64.ActiveCfg = Debug|Any CPU
		{25C178BD-7898-4DC3-B4D1-F3B00E95F1AB}.Debug|x64.Build.0 = Debug|Any CPU
		{25C178BD-7898-4DC3-B4D1-F3B00E95F1AB}.Debug|x86.ActiveCfg = Debug|Any CPU
		{25C178BD-7898-4DC3-B4D1-F3B00E95F1AB}.Debug|x86.Build.0 = Debug|Any CPU
		{25C178BD-7898-4DC3-B4D1-F3B00E95F1AB}.Release|Any CPU.ActiveCfg = Release|Any CPU
		{25C178BD-7898-4DC3-B4D1-F3B00E95F1AB}.Release|Any CPU.Build.0 = Release|Any CPU
		{25C178BD-7898-4DC3-B4D1-F3B00E95F1AB}.Release|x64.ActiveCfg = Release|Any CPU
		{25C178BD-7898-4DC3-B4D1-F3B00E95F1AB}.Release|x64.Build.0 = Release|Any CPU
		{25C178BD-7898-4DC3-B4D1-F3B00E95F1AB}.Release|x86.ActiveCfg = Release|Any CPU
		{25C178BD-7898-4DC3-B4D1-F3B00E95F1AB}.Release|x86.Build.0 = Release|Any CPU
		{7482ED46-B83D-4399-BB83-FDE9D2F5E630}.Debug|Any CPU.ActiveCfg = Debug|Any CPU
		{7482ED46-B83D-4399-BB83-FDE9D2F5E630}.Debug|Any CPU.Build.0 = Debug|Any CPU
		{7482ED46-B83D-4399-BB83-FDE9D2F5E630}.Debug|x64.ActiveCfg = Debug|Any CPU
		{7482ED46-B83D-4399-BB83-FDE9D2F5E630}.Debug|x64.Build.0 = Debug|Any CPU
		{7482ED46-B83D-4399-BB83-FDE9D2F5E630}.Debug|x86.ActiveCfg = Debug|Any CPU
		{7482ED46-B83D-4399-BB83-FDE9D2F5E630}.Debug|x86.Build.0 = Debug|Any CPU
		{7482ED46-B83D-4399-BB83-FDE9D2F5E630}.Release|Any CPU.ActiveCfg = Release|Any CPU
		{7482ED46-B83D-4399-BB83-FDE9D2F5E630}.Release|Any CPU.Build.0 = Release|Any CPU
		{7482ED46-B83D-4399-BB83-FDE9D2F5E630}.Release|x64.ActiveCfg = Release|Any CPU
		{7482ED46-B83D-4399-BB83-FDE9D2F5E630}.Release|x64.Build.0 = Release|Any CPU
		{7482ED46-B83D-4399-BB83-FDE9D2F5E630}.Release|x86.ActiveCfg = Release|Any CPU
		{7482ED46-B83D-4399-BB83-FDE9D2F5E630}.Release|x86.Build.0 = Release|Any CPU
		{D8687DF8-08BD-4DB8-A89E-2E2DDFC29C5B}.Debug|Any CPU.ActiveCfg = Debug|Any CPU
		{D8687DF8-08BD-4DB8-A89E-2E2DDFC29C5B}.Debug|Any CPU.Build.0 = Debug|Any CPU
		{D8687DF8-08BD-4DB8-A89E-2E2DDFC29C5B}.Debug|x64.ActiveCfg = Debug|Any CPU
		{D8687DF8-08BD-4DB8-A89E-2E2DDFC29C5B}.Debug|x64.Build.0 = Debug|Any CPU
		{D8687DF8-08BD-4DB8-A89E-2E2DDFC29C5B}.Debug|x86.ActiveCfg = Debug|Any CPU
		{D8687DF8-08BD-4DB8-A89E-2E2DDFC29C5B}.Debug|x86.Build.0 = Debug|Any CPU
		{D8687DF8-08BD-4DB8-A89E-2E2DDFC29C5B}.Release|Any CPU.ActiveCfg = Release|Any CPU
		{D8687DF8-08BD-4DB8-A89E-2E2DDFC29C5B}.Release|Any CPU.Build.0 = Release|Any CPU
		{D8687DF8-08BD-4DB8-A89E-2E2DDFC29C5B}.Release|x64.ActiveCfg = Release|Any CPU
		{D8687DF8-08BD-4DB8-A89E-2E2DDFC29C5B}.Release|x64.Build.0 = Release|Any CPU
		{D8687DF8-08BD-4DB8-A89E-2E2DDFC29C5B}.Release|x86.ActiveCfg = Release|Any CPU
		{D8687DF8-08BD-4DB8-A89E-2E2DDFC29C5B}.Release|x86.Build.0 = Release|Any CPU
		{A1DB0803-B18F-47EE-B965-E8DD8E34AC00}.Debug|Any CPU.ActiveCfg = Debug|Any CPU
		{A1DB0803-B18F-47EE-B965-E8DD8E34AC00}.Debug|Any CPU.Build.0 = Debug|Any CPU
		{A1DB0803-B18F-47EE-B965-E8DD8E34AC00}.Debug|x64.ActiveCfg = Debug|Any CPU
		{A1DB0803-B18F-47EE-B965-E8DD8E34AC00}.Debug|x64.Build.0 = Debug|Any CPU
		{A1DB0803-B18F-47EE-B965-E8DD8E34AC00}.Debug|x86.ActiveCfg = Debug|Any CPU
		{A1DB0803-B18F-47EE-B965-E8DD8E34AC00}.Debug|x86.Build.0 = Debug|Any CPU
		{A1DB0803-B18F-47EE-B965-E8DD8E34AC00}.Release|Any CPU.ActiveCfg = Release|Any CPU
		{A1DB0803-B18F-47EE-B965-E8DD8E34AC00}.Release|Any CPU.Build.0 = Release|Any CPU
		{A1DB0803-B18F-47EE-B965-E8DD8E34AC00}.Release|x64.ActiveCfg = Release|Any CPU
		{A1DB0803-B18F-47EE-B965-E8DD8E34AC00}.Release|x64.Build.0 = Release|Any CPU
		{A1DB0803-B18F-47EE-B965-E8DD8E34AC00}.Release|x86.ActiveCfg = Release|Any CPU
		{A1DB0803-B18F-47EE-B965-E8DD8E34AC00}.Release|x86.Build.0 = Release|Any CPU
		{C93B341C-ED61-4868-A5C6-7328D2E7225B}.Debug|Any CPU.ActiveCfg = Debug|Any CPU
		{C93B341C-ED61-4868-A5C6-7328D2E7225B}.Debug|Any CPU.Build.0 = Debug|Any CPU
		{C93B341C-ED61-4868-A5C6-7328D2E7225B}.Debug|x64.ActiveCfg = Debug|Any CPU
		{C93B341C-ED61-4868-A5C6-7328D2E7225B}.Debug|x64.Build.0 = Debug|Any CPU
		{C93B341C-ED61-4868-A5C6-7328D2E7225B}.Debug|x86.ActiveCfg = Debug|Any CPU
		{C93B341C-ED61-4868-A5C6-7328D2E7225B}.Debug|x86.Build.0 = Debug|Any CPU
		{C93B341C-ED61-4868-A5C6-7328D2E7225B}.Release|Any CPU.ActiveCfg = Release|Any CPU
		{C93B341C-ED61-4868-A5C6-7328D2E7225B}.Release|Any CPU.Build.0 = Release|Any CPU
		{C93B341C-ED61-4868-A5C6-7328D2E7225B}.Release|x64.ActiveCfg = Release|Any CPU
		{C93B341C-ED61-4868-A5C6-7328D2E7225B}.Release|x64.Build.0 = Release|Any CPU
		{C93B341C-ED61-4868-A5C6-7328D2E7225B}.Release|x86.ActiveCfg = Release|Any CPU
		{C93B341C-ED61-4868-A5C6-7328D2E7225B}.Release|x86.Build.0 = Release|Any CPU
		{D7D9A937-ECEB-440E-9FFA-D5AE4E87425F}.Debug|Any CPU.ActiveCfg = Debug|Any CPU
		{D7D9A937-ECEB-440E-9FFA-D5AE4E87425F}.Debug|Any CPU.Build.0 = Debug|Any CPU
		{D7D9A937-ECEB-440E-9FFA-D5AE4E87425F}.Debug|x64.ActiveCfg = Debug|Any CPU
		{D7D9A937-ECEB-440E-9FFA-D5AE4E87425F}.Debug|x64.Build.0 = Debug|Any CPU
		{D7D9A937-ECEB-440E-9FFA-D5AE4E87425F}.Debug|x86.ActiveCfg = Debug|Any CPU
		{D7D9A937-ECEB-440E-9FFA-D5AE4E87425F}.Debug|x86.Build.0 = Debug|Any CPU
		{D7D9A937-ECEB-440E-9FFA-D5AE4E87425F}.Release|Any CPU.ActiveCfg = Release|Any CPU
		{D7D9A937-ECEB-440E-9FFA-D5AE4E87425F}.Release|Any CPU.Build.0 = Release|Any CPU
		{D7D9A937-ECEB-440E-9FFA-D5AE4E87425F}.Release|x64.ActiveCfg = Release|Any CPU
		{D7D9A937-ECEB-440E-9FFA-D5AE4E87425F}.Release|x64.Build.0 = Release|Any CPU
		{D7D9A937-ECEB-440E-9FFA-D5AE4E87425F}.Release|x86.ActiveCfg = Release|Any CPU
		{D7D9A937-ECEB-440E-9FFA-D5AE4E87425F}.Release|x86.Build.0 = Release|Any CPU
		{EC7D8FB6-C68E-4595-AC78-0E04219089C9}.Debug|Any CPU.ActiveCfg = Debug|Any CPU
		{EC7D8FB6-C68E-4595-AC78-0E04219089C9}.Debug|Any CPU.Build.0 = Debug|Any CPU
		{EC7D8FB6-C68E-4595-AC78-0E04219089C9}.Debug|x64.ActiveCfg = Debug|Any CPU
		{EC7D8FB6-C68E-4595-AC78-0E04219089C9}.Debug|x64.Build.0 = Debug|Any CPU
		{EC7D8FB6-C68E-4595-AC78-0E04219089C9}.Debug|x86.ActiveCfg = Debug|Any CPU
		{EC7D8FB6-C68E-4595-AC78-0E04219089C9}.Debug|x86.Build.0 = Debug|Any CPU
		{EC7D8FB6-C68E-4595-AC78-0E04219089C9}.Release|Any CPU.ActiveCfg = Release|Any CPU
		{EC7D8FB6-C68E-4595-AC78-0E04219089C9}.Release|Any CPU.Build.0 = Release|Any CPU
		{EC7D8FB6-C68E-4595-AC78-0E04219089C9}.Release|x64.ActiveCfg = Release|Any CPU
		{EC7D8FB6-C68E-4595-AC78-0E04219089C9}.Release|x64.Build.0 = Release|Any CPU
		{EC7D8FB6-C68E-4595-AC78-0E04219089C9}.Release|x86.ActiveCfg = Release|Any CPU
		{EC7D8FB6-C68E-4595-AC78-0E04219089C9}.Release|x86.Build.0 = Release|Any CPU
		{B6127ACA-57FB-40DA-8DDA-1B99056A2D87}.Debug|Any CPU.ActiveCfg = Debug|Any CPU
		{B6127ACA-57FB-40DA-8DDA-1B99056A2D87}.Debug|Any CPU.Build.0 = Debug|Any CPU
		{B6127ACA-57FB-40DA-8DDA-1B99056A2D87}.Debug|x64.ActiveCfg = Debug|Any CPU
		{B6127ACA-57FB-40DA-8DDA-1B99056A2D87}.Debug|x64.Build.0 = Debug|Any CPU
		{B6127ACA-57FB-40DA-8DDA-1B99056A2D87}.Debug|x86.ActiveCfg = Debug|Any CPU
		{B6127ACA-57FB-40DA-8DDA-1B99056A2D87}.Debug|x86.Build.0 = Debug|Any CPU
		{B6127ACA-57FB-40DA-8DDA-1B99056A2D87}.Release|Any CPU.ActiveCfg = Release|Any CPU
		{B6127ACA-57FB-40DA-8DDA-1B99056A2D87}.Release|Any CPU.Build.0 = Release|Any CPU
		{B6127ACA-57FB-40DA-8DDA-1B99056A2D87}.Release|x64.ActiveCfg = Release|Any CPU
		{B6127ACA-57FB-40DA-8DDA-1B99056A2D87}.Release|x64.Build.0 = Release|Any CPU
		{B6127ACA-57FB-40DA-8DDA-1B99056A2D87}.Release|x86.ActiveCfg = Release|Any CPU
		{B6127ACA-57FB-40DA-8DDA-1B99056A2D87}.Release|x86.Build.0 = Release|Any CPU
		{CFC7AF8F-933D-4ED8-87DA-E1C4E12B6B98}.Debug|Any CPU.ActiveCfg = Debug|Any CPU
		{CFC7AF8F-933D-4ED8-87DA-E1C4E12B6B98}.Debug|Any CPU.Build.0 = Debug|Any CPU
		{CFC7AF8F-933D-4ED8-87DA-E1C4E12B6B98}.Debug|x64.ActiveCfg = Debug|Any CPU
		{CFC7AF8F-933D-4ED8-87DA-E1C4E12B6B98}.Debug|x64.Build.0 = Debug|Any CPU
		{CFC7AF8F-933D-4ED8-87DA-E1C4E12B6B98}.Debug|x86.ActiveCfg = Debug|Any CPU
		{CFC7AF8F-933D-4ED8-87DA-E1C4E12B6B98}.Debug|x86.Build.0 = Debug|Any CPU
		{CFC7AF8F-933D-4ED8-87DA-E1C4E12B6B98}.Release|Any CPU.ActiveCfg = Release|Any CPU
		{CFC7AF8F-933D-4ED8-87DA-E1C4E12B6B98}.Release|Any CPU.Build.0 = Release|Any CPU
		{CFC7AF8F-933D-4ED8-87DA-E1C4E12B6B98}.Release|x64.ActiveCfg = Release|Any CPU
		{CFC7AF8F-933D-4ED8-87DA-E1C4E12B6B98}.Release|x64.Build.0 = Release|Any CPU
		{CFC7AF8F-933D-4ED8-87DA-E1C4E12B6B98}.Release|x86.ActiveCfg = Release|Any CPU
		{CFC7AF8F-933D-4ED8-87DA-E1C4E12B6B98}.Release|x86.Build.0 = Release|Any CPU
		{C7366FB9-E54F-4B0B-8032-C384E65A87DA}.Debug|Any CPU.ActiveCfg = Debug|Any CPU
		{C7366FB9-E54F-4B0B-8032-C384E65A87DA}.Debug|Any CPU.Build.0 = Debug|Any CPU
		{C7366FB9-E54F-4B0B-8032-C384E65A87DA}.Debug|x64.ActiveCfg = Debug|Any CPU
		{C7366FB9-E54F-4B0B-8032-C384E65A87DA}.Debug|x64.Build.0 = Debug|Any CPU
		{C7366FB9-E54F-4B0B-8032-C384E65A87DA}.Debug|x86.ActiveCfg = Debug|Any CPU
		{C7366FB9-E54F-4B0B-8032-C384E65A87DA}.Debug|x86.Build.0 = Debug|Any CPU
		{C7366FB9-E54F-4B0B-8032-C384E65A87DA}.Release|Any CPU.ActiveCfg = Release|Any CPU
		{C7366FB9-E54F-4B0B-8032-C384E65A87DA}.Release|Any CPU.Build.0 = Release|Any CPU
		{C7366FB9-E54F-4B0B-8032-C384E65A87DA}.Release|x64.ActiveCfg = Release|Any CPU
		{C7366FB9-E54F-4B0B-8032-C384E65A87DA}.Release|x64.Build.0 = Release|Any CPU
		{C7366FB9-E54F-4B0B-8032-C384E65A87DA}.Release|x86.ActiveCfg = Release|Any CPU
		{C7366FB9-E54F-4B0B-8032-C384E65A87DA}.Release|x86.Build.0 = Release|Any CPU
		{5BE06C07-6B56-45C3-BD82-37FF98D6366B}.Debug|Any CPU.ActiveCfg = Debug|Any CPU
		{5BE06C07-6B56-45C3-BD82-37FF98D6366B}.Debug|Any CPU.Build.0 = Debug|Any CPU
		{5BE06C07-6B56-45C3-BD82-37FF98D6366B}.Debug|x64.ActiveCfg = Debug|Any CPU
		{5BE06C07-6B56-45C3-BD82-37FF98D6366B}.Debug|x64.Build.0 = Debug|Any CPU
		{5BE06C07-6B56-45C3-BD82-37FF98D6366B}.Debug|x86.ActiveCfg = Debug|Any CPU
		{5BE06C07-6B56-45C3-BD82-37FF98D6366B}.Debug|x86.Build.0 = Debug|Any CPU
		{5BE06C07-6B56-45C3-BD82-37FF98D6366B}.Release|Any CPU.ActiveCfg = Release|Any CPU
		{5BE06C07-6B56-45C3-BD82-37FF98D6366B}.Release|Any CPU.Build.0 = Release|Any CPU
		{5BE06C07-6B56-45C3-BD82-37FF98D6366B}.Release|x64.ActiveCfg = Release|Any CPU
		{5BE06C07-6B56-45C3-BD82-37FF98D6366B}.Release|x64.Build.0 = Release|Any CPU
		{5BE06C07-6B56-45C3-BD82-37FF98D6366B}.Release|x86.ActiveCfg = Release|Any CPU
		{5BE06C07-6B56-45C3-BD82-37FF98D6366B}.Release|x86.Build.0 = Release|Any CPU
		{1E8DC029-CE54-41CD-A343-D4069624CCC2}.Debug|Any CPU.ActiveCfg = Debug|Any CPU
		{1E8DC029-CE54-41CD-A343-D4069624CCC2}.Debug|Any CPU.Build.0 = Debug|Any CPU
		{1E8DC029-CE54-41CD-A343-D4069624CCC2}.Debug|x64.ActiveCfg = Debug|Any CPU
		{1E8DC029-CE54-41CD-A343-D4069624CCC2}.Debug|x64.Build.0 = Debug|Any CPU
		{1E8DC029-CE54-41CD-A343-D4069624CCC2}.Debug|x86.ActiveCfg = Debug|Any CPU
		{1E8DC029-CE54-41CD-A343-D4069624CCC2}.Debug|x86.Build.0 = Debug|Any CPU
		{1E8DC029-CE54-41CD-A343-D4069624CCC2}.Release|Any CPU.ActiveCfg = Release|Any CPU
		{1E8DC029-CE54-41CD-A343-D4069624CCC2}.Release|Any CPU.Build.0 = Release|Any CPU
		{1E8DC029-CE54-41CD-A343-D4069624CCC2}.Release|x64.ActiveCfg = Release|Any CPU
		{1E8DC029-CE54-41CD-A343-D4069624CCC2}.Release|x64.Build.0 = Release|Any CPU
		{1E8DC029-CE54-41CD-A343-D4069624CCC2}.Release|x86.ActiveCfg = Release|Any CPU
		{1E8DC029-CE54-41CD-A343-D4069624CCC2}.Release|x86.Build.0 = Release|Any CPU
		{482CDFB3-7619-442E-801D-A53C34E5012C}.Debug|Any CPU.ActiveCfg = Debug|Any CPU
		{482CDFB3-7619-442E-801D-A53C34E5012C}.Debug|Any CPU.Build.0 = Debug|Any CPU
		{482CDFB3-7619-442E-801D-A53C34E5012C}.Debug|x64.ActiveCfg = Debug|Any CPU
		{482CDFB3-7619-442E-801D-A53C34E5012C}.Debug|x64.Build.0 = Debug|Any CPU
		{482CDFB3-7619-442E-801D-A53C34E5012C}.Debug|x86.ActiveCfg = Debug|Any CPU
		{482CDFB3-7619-442E-801D-A53C34E5012C}.Debug|x86.Build.0 = Debug|Any CPU
		{482CDFB3-7619-442E-801D-A53C34E5012C}.Release|Any CPU.ActiveCfg = Release|Any CPU
		{482CDFB3-7619-442E-801D-A53C34E5012C}.Release|Any CPU.Build.0 = Release|Any CPU
		{482CDFB3-7619-442E-801D-A53C34E5012C}.Release|x64.ActiveCfg = Release|Any CPU
		{482CDFB3-7619-442E-801D-A53C34E5012C}.Release|x64.Build.0 = Release|Any CPU
		{482CDFB3-7619-442E-801D-A53C34E5012C}.Release|x86.ActiveCfg = Release|Any CPU
		{482CDFB3-7619-442E-801D-A53C34E5012C}.Release|x86.Build.0 = Release|Any CPU
		{D59820EF-EBDC-4C17-8EB2-C31D916194A1}.Debug|Any CPU.ActiveCfg = Debug|Any CPU
		{D59820EF-EBDC-4C17-8EB2-C31D916194A1}.Debug|Any CPU.Build.0 = Debug|Any CPU
		{D59820EF-EBDC-4C17-8EB2-C31D916194A1}.Debug|x64.ActiveCfg = Debug|Any CPU
		{D59820EF-EBDC-4C17-8EB2-C31D916194A1}.Debug|x64.Build.0 = Debug|Any CPU
		{D59820EF-EBDC-4C17-8EB2-C31D916194A1}.Debug|x86.ActiveCfg = Debug|Any CPU
		{D59820EF-EBDC-4C17-8EB2-C31D916194A1}.Debug|x86.Build.0 = Debug|Any CPU
		{D59820EF-EBDC-4C17-8EB2-C31D916194A1}.Release|Any CPU.ActiveCfg = Release|Any CPU
		{D59820EF-EBDC-4C17-8EB2-C31D916194A1}.Release|Any CPU.Build.0 = Release|Any CPU
		{D59820EF-EBDC-4C17-8EB2-C31D916194A1}.Release|x64.ActiveCfg = Release|Any CPU
		{D59820EF-EBDC-4C17-8EB2-C31D916194A1}.Release|x64.Build.0 = Release|Any CPU
		{D59820EF-EBDC-4C17-8EB2-C31D916194A1}.Release|x86.ActiveCfg = Release|Any CPU
		{D59820EF-EBDC-4C17-8EB2-C31D916194A1}.Release|x86.Build.0 = Release|Any CPU
		{0F92064B-CCD7-4A63-B862-95044A3BDF0D}.Debug|Any CPU.ActiveCfg = Debug|Any CPU
		{0F92064B-CCD7-4A63-B862-95044A3BDF0D}.Debug|Any CPU.Build.0 = Debug|Any CPU
		{0F92064B-CCD7-4A63-B862-95044A3BDF0D}.Debug|x64.ActiveCfg = Debug|Any CPU
		{0F92064B-CCD7-4A63-B862-95044A3BDF0D}.Debug|x64.Build.0 = Debug|Any CPU
		{0F92064B-CCD7-4A63-B862-95044A3BDF0D}.Debug|x86.ActiveCfg = Debug|Any CPU
		{0F92064B-CCD7-4A63-B862-95044A3BDF0D}.Debug|x86.Build.0 = Debug|Any CPU
		{0F92064B-CCD7-4A63-B862-95044A3BDF0D}.Release|Any CPU.ActiveCfg = Release|Any CPU
		{0F92064B-CCD7-4A63-B862-95044A3BDF0D}.Release|Any CPU.Build.0 = Release|Any CPU
		{0F92064B-CCD7-4A63-B862-95044A3BDF0D}.Release|x64.ActiveCfg = Release|Any CPU
		{0F92064B-CCD7-4A63-B862-95044A3BDF0D}.Release|x64.Build.0 = Release|Any CPU
		{0F92064B-CCD7-4A63-B862-95044A3BDF0D}.Release|x86.ActiveCfg = Release|Any CPU
		{0F92064B-CCD7-4A63-B862-95044A3BDF0D}.Release|x86.Build.0 = Release|Any CPU
		{08947ACA-2E6E-4F44-87D8-E8A28A992FB1}.Debug|Any CPU.ActiveCfg = Debug|Any CPU
		{08947ACA-2E6E-4F44-87D8-E8A28A992FB1}.Debug|Any CPU.Build.0 = Debug|Any CPU
		{08947ACA-2E6E-4F44-87D8-E8A28A992FB1}.Debug|x64.ActiveCfg = Debug|Any CPU
		{08947ACA-2E6E-4F44-87D8-E8A28A992FB1}.Debug|x64.Build.0 = Debug|Any CPU
		{08947ACA-2E6E-4F44-87D8-E8A28A992FB1}.Debug|x86.ActiveCfg = Debug|Any CPU
		{08947ACA-2E6E-4F44-87D8-E8A28A992FB1}.Debug|x86.Build.0 = Debug|Any CPU
		{08947ACA-2E6E-4F44-87D8-E8A28A992FB1}.Release|Any CPU.ActiveCfg = Release|Any CPU
		{08947ACA-2E6E-4F44-87D8-E8A28A992FB1}.Release|Any CPU.Build.0 = Release|Any CPU
		{08947ACA-2E6E-4F44-87D8-E8A28A992FB1}.Release|x64.ActiveCfg = Release|Any CPU
		{08947ACA-2E6E-4F44-87D8-E8A28A992FB1}.Release|x64.Build.0 = Release|Any CPU
		{08947ACA-2E6E-4F44-87D8-E8A28A992FB1}.Release|x86.ActiveCfg = Release|Any CPU
		{08947ACA-2E6E-4F44-87D8-E8A28A992FB1}.Release|x86.Build.0 = Release|Any CPU
		{4DA16A7A-A223-4E79-BEFA-CC9A08125DE9}.Debug|Any CPU.ActiveCfg = Debug|Any CPU
		{4DA16A7A-A223-4E79-BEFA-CC9A08125DE9}.Debug|Any CPU.Build.0 = Debug|Any CPU
		{4DA16A7A-A223-4E79-BEFA-CC9A08125DE9}.Debug|x64.ActiveCfg = Debug|Any CPU
		{4DA16A7A-A223-4E79-BEFA-CC9A08125DE9}.Debug|x64.Build.0 = Debug|Any CPU
		{4DA16A7A-A223-4E79-BEFA-CC9A08125DE9}.Debug|x86.ActiveCfg = Debug|Any CPU
		{4DA16A7A-A223-4E79-BEFA-CC9A08125DE9}.Debug|x86.Build.0 = Debug|Any CPU
		{4DA16A7A-A223-4E79-BEFA-CC9A08125DE9}.Release|Any CPU.ActiveCfg = Release|Any CPU
		{4DA16A7A-A223-4E79-BEFA-CC9A08125DE9}.Release|Any CPU.Build.0 = Release|Any CPU
		{4DA16A7A-A223-4E79-BEFA-CC9A08125DE9}.Release|x64.ActiveCfg = Release|Any CPU
		{4DA16A7A-A223-4E79-BEFA-CC9A08125DE9}.Release|x64.Build.0 = Release|Any CPU
		{4DA16A7A-A223-4E79-BEFA-CC9A08125DE9}.Release|x86.ActiveCfg = Release|Any CPU
		{4DA16A7A-A223-4E79-BEFA-CC9A08125DE9}.Release|x86.Build.0 = Release|Any CPU
		{9CC2B738-717F-4C65-8025-BF0F2851D446}.Debug|Any CPU.ActiveCfg = Debug|Any CPU
		{9CC2B738-717F-4C65-8025-BF0F2851D446}.Debug|Any CPU.Build.0 = Debug|Any CPU
		{9CC2B738-717F-4C65-8025-BF0F2851D446}.Debug|x64.ActiveCfg = Debug|Any CPU
		{9CC2B738-717F-4C65-8025-BF0F2851D446}.Debug|x64.Build.0 = Debug|Any CPU
		{9CC2B738-717F-4C65-8025-BF0F2851D446}.Debug|x86.ActiveCfg = Debug|Any CPU
		{9CC2B738-717F-4C65-8025-BF0F2851D446}.Debug|x86.Build.0 = Debug|Any CPU
		{9CC2B738-717F-4C65-8025-BF0F2851D446}.Release|Any CPU.ActiveCfg = Release|Any CPU
		{9CC2B738-717F-4C65-8025-BF0F2851D446}.Release|Any CPU.Build.0 = Release|Any CPU
		{9CC2B738-717F-4C65-8025-BF0F2851D446}.Release|x64.ActiveCfg = Release|Any CPU
		{9CC2B738-717F-4C65-8025-BF0F2851D446}.Release|x64.Build.0 = Release|Any CPU
		{9CC2B738-717F-4C65-8025-BF0F2851D446}.Release|x86.ActiveCfg = Release|Any CPU
		{9CC2B738-717F-4C65-8025-BF0F2851D446}.Release|x86.Build.0 = Release|Any CPU
		{A147C818-A707-47A7-90B0-19E7E9721D21}.Debug|Any CPU.ActiveCfg = Debug|Any CPU
		{A147C818-A707-47A7-90B0-19E7E9721D21}.Debug|Any CPU.Build.0 = Debug|Any CPU
		{A147C818-A707-47A7-90B0-19E7E9721D21}.Debug|x64.ActiveCfg = Debug|Any CPU
		{A147C818-A707-47A7-90B0-19E7E9721D21}.Debug|x64.Build.0 = Debug|Any CPU
		{A147C818-A707-47A7-90B0-19E7E9721D21}.Debug|x86.ActiveCfg = Debug|Any CPU
		{A147C818-A707-47A7-90B0-19E7E9721D21}.Debug|x86.Build.0 = Debug|Any CPU
		{A147C818-A707-47A7-90B0-19E7E9721D21}.Release|Any CPU.ActiveCfg = Release|Any CPU
		{A147C818-A707-47A7-90B0-19E7E9721D21}.Release|Any CPU.Build.0 = Release|Any CPU
		{A147C818-A707-47A7-90B0-19E7E9721D21}.Release|x64.ActiveCfg = Release|Any CPU
		{A147C818-A707-47A7-90B0-19E7E9721D21}.Release|x64.Build.0 = Release|Any CPU
		{A147C818-A707-47A7-90B0-19E7E9721D21}.Release|x86.ActiveCfg = Release|Any CPU
		{A147C818-A707-47A7-90B0-19E7E9721D21}.Release|x86.Build.0 = Release|Any CPU
		{13BB712A-D267-40DB-BA10-22F164493BFE}.Debug|Any CPU.ActiveCfg = Debug|Any CPU
		{13BB712A-D267-40DB-BA10-22F164493BFE}.Debug|Any CPU.Build.0 = Debug|Any CPU
		{13BB712A-D267-40DB-BA10-22F164493BFE}.Debug|x64.ActiveCfg = Debug|Any CPU
		{13BB712A-D267-40DB-BA10-22F164493BFE}.Debug|x64.Build.0 = Debug|Any CPU
		{13BB712A-D267-40DB-BA10-22F164493BFE}.Debug|x86.ActiveCfg = Debug|Any CPU
		{13BB712A-D267-40DB-BA10-22F164493BFE}.Debug|x86.Build.0 = Debug|Any CPU
		{13BB712A-D267-40DB-BA10-22F164493BFE}.Release|Any CPU.ActiveCfg = Release|Any CPU
		{13BB712A-D267-40DB-BA10-22F164493BFE}.Release|Any CPU.Build.0 = Release|Any CPU
		{13BB712A-D267-40DB-BA10-22F164493BFE}.Release|x64.ActiveCfg = Release|Any CPU
		{13BB712A-D267-40DB-BA10-22F164493BFE}.Release|x64.Build.0 = Release|Any CPU
		{13BB712A-D267-40DB-BA10-22F164493BFE}.Release|x86.ActiveCfg = Release|Any CPU
		{13BB712A-D267-40DB-BA10-22F164493BFE}.Release|x86.Build.0 = Release|Any CPU
		{68B842AD-3D6C-4FA4-A1E3-D7B67CCE3A0E}.Debug|Any CPU.ActiveCfg = Debug|Any CPU
		{68B842AD-3D6C-4FA4-A1E3-D7B67CCE3A0E}.Debug|Any CPU.Build.0 = Debug|Any CPU
		{68B842AD-3D6C-4FA4-A1E3-D7B67CCE3A0E}.Debug|x64.ActiveCfg = Debug|Any CPU
		{68B842AD-3D6C-4FA4-A1E3-D7B67CCE3A0E}.Debug|x64.Build.0 = Debug|Any CPU
		{68B842AD-3D6C-4FA4-A1E3-D7B67CCE3A0E}.Debug|x86.ActiveCfg = Debug|Any CPU
		{68B842AD-3D6C-4FA4-A1E3-D7B67CCE3A0E}.Debug|x86.Build.0 = Debug|Any CPU
		{68B842AD-3D6C-4FA4-A1E3-D7B67CCE3A0E}.Release|Any CPU.ActiveCfg = Release|Any CPU
		{68B842AD-3D6C-4FA4-A1E3-D7B67CCE3A0E}.Release|Any CPU.Build.0 = Release|Any CPU
		{68B842AD-3D6C-4FA4-A1E3-D7B67CCE3A0E}.Release|x64.ActiveCfg = Release|Any CPU
		{68B842AD-3D6C-4FA4-A1E3-D7B67CCE3A0E}.Release|x64.Build.0 = Release|Any CPU
		{68B842AD-3D6C-4FA4-A1E3-D7B67CCE3A0E}.Release|x86.ActiveCfg = Release|Any CPU
		{68B842AD-3D6C-4FA4-A1E3-D7B67CCE3A0E}.Release|x86.Build.0 = Release|Any CPU
		{BBCE5DBA-440A-4717-B75B-598EB0290270}.Debug|Any CPU.ActiveCfg = Debug|Any CPU
		{BBCE5DBA-440A-4717-B75B-598EB0290270}.Debug|Any CPU.Build.0 = Debug|Any CPU
		{BBCE5DBA-440A-4717-B75B-598EB0290270}.Debug|x64.ActiveCfg = Debug|Any CPU
		{BBCE5DBA-440A-4717-B75B-598EB0290270}.Debug|x64.Build.0 = Debug|Any CPU
		{BBCE5DBA-440A-4717-B75B-598EB0290270}.Debug|x86.ActiveCfg = Debug|Any CPU
		{BBCE5DBA-440A-4717-B75B-598EB0290270}.Debug|x86.Build.0 = Debug|Any CPU
		{BBCE5DBA-440A-4717-B75B-598EB0290270}.Release|Any CPU.ActiveCfg = Release|Any CPU
		{BBCE5DBA-440A-4717-B75B-598EB0290270}.Release|Any CPU.Build.0 = Release|Any CPU
		{BBCE5DBA-440A-4717-B75B-598EB0290270}.Release|x64.ActiveCfg = Release|Any CPU
		{BBCE5DBA-440A-4717-B75B-598EB0290270}.Release|x64.Build.0 = Release|Any CPU
		{BBCE5DBA-440A-4717-B75B-598EB0290270}.Release|x86.ActiveCfg = Release|Any CPU
		{BBCE5DBA-440A-4717-B75B-598EB0290270}.Release|x86.Build.0 = Release|Any CPU
		{218F6D7F-6FFD-46EF-AA0E-32836B24814F}.Debug|Any CPU.ActiveCfg = Debug|Any CPU
		{218F6D7F-6FFD-46EF-AA0E-32836B24814F}.Debug|Any CPU.Build.0 = Debug|Any CPU
		{218F6D7F-6FFD-46EF-AA0E-32836B24814F}.Debug|x64.ActiveCfg = Debug|Any CPU
		{218F6D7F-6FFD-46EF-AA0E-32836B24814F}.Debug|x64.Build.0 = Debug|Any CPU
		{218F6D7F-6FFD-46EF-AA0E-32836B24814F}.Debug|x86.ActiveCfg = Debug|Any CPU
		{218F6D7F-6FFD-46EF-AA0E-32836B24814F}.Debug|x86.Build.0 = Debug|Any CPU
		{218F6D7F-6FFD-46EF-AA0E-32836B24814F}.Release|Any CPU.ActiveCfg = Release|Any CPU
		{218F6D7F-6FFD-46EF-AA0E-32836B24814F}.Release|Any CPU.Build.0 = Release|Any CPU
		{218F6D7F-6FFD-46EF-AA0E-32836B24814F}.Release|x64.ActiveCfg = Release|Any CPU
		{218F6D7F-6FFD-46EF-AA0E-32836B24814F}.Release|x64.Build.0 = Release|Any CPU
		{218F6D7F-6FFD-46EF-AA0E-32836B24814F}.Release|x86.ActiveCfg = Release|Any CPU
		{218F6D7F-6FFD-46EF-AA0E-32836B24814F}.Release|x86.Build.0 = Release|Any CPU
		{0C231251-E9F8-435A-8162-274131CC8E97}.Debug|Any CPU.ActiveCfg = Debug|Any CPU
		{0C231251-E9F8-435A-8162-274131CC8E97}.Debug|Any CPU.Build.0 = Debug|Any CPU
		{0C231251-E9F8-435A-8162-274131CC8E97}.Debug|x64.ActiveCfg = Debug|Any CPU
		{0C231251-E9F8-435A-8162-274131CC8E97}.Debug|x64.Build.0 = Debug|Any CPU
		{0C231251-E9F8-435A-8162-274131CC8E97}.Debug|x86.ActiveCfg = Debug|Any CPU
		{0C231251-E9F8-435A-8162-274131CC8E97}.Debug|x86.Build.0 = Debug|Any CPU
		{0C231251-E9F8-435A-8162-274131CC8E97}.Release|Any CPU.ActiveCfg = Release|Any CPU
		{0C231251-E9F8-435A-8162-274131CC8E97}.Release|Any CPU.Build.0 = Release|Any CPU
		{0C231251-E9F8-435A-8162-274131CC8E97}.Release|x64.ActiveCfg = Release|Any CPU
		{0C231251-E9F8-435A-8162-274131CC8E97}.Release|x64.Build.0 = Release|Any CPU
		{0C231251-E9F8-435A-8162-274131CC8E97}.Release|x86.ActiveCfg = Release|Any CPU
		{0C231251-E9F8-435A-8162-274131CC8E97}.Release|x86.Build.0 = Release|Any CPU
		{F5EDA91A-D9E7-4BB3-BB90-35A314B2AEE3}.Debug|Any CPU.ActiveCfg = Debug|Any CPU
		{F5EDA91A-D9E7-4BB3-BB90-35A314B2AEE3}.Debug|Any CPU.Build.0 = Debug|Any CPU
		{F5EDA91A-D9E7-4BB3-BB90-35A314B2AEE3}.Debug|x64.ActiveCfg = Debug|Any CPU
		{F5EDA91A-D9E7-4BB3-BB90-35A314B2AEE3}.Debug|x64.Build.0 = Debug|Any CPU
		{F5EDA91A-D9E7-4BB3-BB90-35A314B2AEE3}.Debug|x86.ActiveCfg = Debug|Any CPU
		{F5EDA91A-D9E7-4BB3-BB90-35A314B2AEE3}.Debug|x86.Build.0 = Debug|Any CPU
		{F5EDA91A-D9E7-4BB3-BB90-35A314B2AEE3}.Release|Any CPU.ActiveCfg = Release|Any CPU
		{F5EDA91A-D9E7-4BB3-BB90-35A314B2AEE3}.Release|Any CPU.Build.0 = Release|Any CPU
		{F5EDA91A-D9E7-4BB3-BB90-35A314B2AEE3}.Release|x64.ActiveCfg = Release|Any CPU
		{F5EDA91A-D9E7-4BB3-BB90-35A314B2AEE3}.Release|x64.Build.0 = Release|Any CPU
		{F5EDA91A-D9E7-4BB3-BB90-35A314B2AEE3}.Release|x86.ActiveCfg = Release|Any CPU
		{F5EDA91A-D9E7-4BB3-BB90-35A314B2AEE3}.Release|x86.Build.0 = Release|Any CPU
		{7CEB190F-4C7F-4EC1-ABFC-AB07DEEA008D}.Debug|Any CPU.ActiveCfg = Debug|Any CPU
		{7CEB190F-4C7F-4EC1-ABFC-AB07DEEA008D}.Debug|Any CPU.Build.0 = Debug|Any CPU
		{7CEB190F-4C7F-4EC1-ABFC-AB07DEEA008D}.Debug|x64.ActiveCfg = Debug|Any CPU
		{7CEB190F-4C7F-4EC1-ABFC-AB07DEEA008D}.Debug|x64.Build.0 = Debug|Any CPU
		{7CEB190F-4C7F-4EC1-ABFC-AB07DEEA008D}.Debug|x86.ActiveCfg = Debug|Any CPU
		{7CEB190F-4C7F-4EC1-ABFC-AB07DEEA008D}.Debug|x86.Build.0 = Debug|Any CPU
		{7CEB190F-4C7F-4EC1-ABFC-AB07DEEA008D}.Release|Any CPU.ActiveCfg = Release|Any CPU
		{7CEB190F-4C7F-4EC1-ABFC-AB07DEEA008D}.Release|Any CPU.Build.0 = Release|Any CPU
		{7CEB190F-4C7F-4EC1-ABFC-AB07DEEA008D}.Release|x64.ActiveCfg = Release|Any CPU
		{7CEB190F-4C7F-4EC1-ABFC-AB07DEEA008D}.Release|x64.Build.0 = Release|Any CPU
		{7CEB190F-4C7F-4EC1-ABFC-AB07DEEA008D}.Release|x86.ActiveCfg = Release|Any CPU
		{7CEB190F-4C7F-4EC1-ABFC-AB07DEEA008D}.Release|x86.Build.0 = Release|Any CPU
		{CFAA959A-DFA7-4AB5-B711-B40F4E82E1BC}.Debug|Any CPU.ActiveCfg = Debug|Any CPU
		{CFAA959A-DFA7-4AB5-B711-B40F4E82E1BC}.Debug|Any CPU.Build.0 = Debug|Any CPU
		{CFAA959A-DFA7-4AB5-B711-B40F4E82E1BC}.Debug|x64.ActiveCfg = Debug|Any CPU
		{CFAA959A-DFA7-4AB5-B711-B40F4E82E1BC}.Debug|x64.Build.0 = Debug|Any CPU
		{CFAA959A-DFA7-4AB5-B711-B40F4E82E1BC}.Debug|x86.ActiveCfg = Debug|Any CPU
		{CFAA959A-DFA7-4AB5-B711-B40F4E82E1BC}.Debug|x86.Build.0 = Debug|Any CPU
		{CFAA959A-DFA7-4AB5-B711-B40F4E82E1BC}.Release|Any CPU.ActiveCfg = Release|Any CPU
		{CFAA959A-DFA7-4AB5-B711-B40F4E82E1BC}.Release|Any CPU.Build.0 = Release|Any CPU
		{CFAA959A-DFA7-4AB5-B711-B40F4E82E1BC}.Release|x64.ActiveCfg = Release|Any CPU
		{CFAA959A-DFA7-4AB5-B711-B40F4E82E1BC}.Release|x64.Build.0 = Release|Any CPU
		{CFAA959A-DFA7-4AB5-B711-B40F4E82E1BC}.Release|x86.ActiveCfg = Release|Any CPU
		{CFAA959A-DFA7-4AB5-B711-B40F4E82E1BC}.Release|x86.Build.0 = Release|Any CPU
		{EBA5ED98-1A5A-451C-826D-AE693D49F599}.Debug|Any CPU.ActiveCfg = Debug|Any CPU
		{EBA5ED98-1A5A-451C-826D-AE693D49F599}.Debug|Any CPU.Build.0 = Debug|Any CPU
		{EBA5ED98-1A5A-451C-826D-AE693D49F599}.Debug|x64.ActiveCfg = Debug|Any CPU
		{EBA5ED98-1A5A-451C-826D-AE693D49F599}.Debug|x64.Build.0 = Debug|Any CPU
		{EBA5ED98-1A5A-451C-826D-AE693D49F599}.Debug|x86.ActiveCfg = Debug|Any CPU
		{EBA5ED98-1A5A-451C-826D-AE693D49F599}.Debug|x86.Build.0 = Debug|Any CPU
		{EBA5ED98-1A5A-451C-826D-AE693D49F599}.Release|Any CPU.ActiveCfg = Release|Any CPU
		{EBA5ED98-1A5A-451C-826D-AE693D49F599}.Release|Any CPU.Build.0 = Release|Any CPU
		{EBA5ED98-1A5A-451C-826D-AE693D49F599}.Release|x64.ActiveCfg = Release|Any CPU
		{EBA5ED98-1A5A-451C-826D-AE693D49F599}.Release|x64.Build.0 = Release|Any CPU
		{EBA5ED98-1A5A-451C-826D-AE693D49F599}.Release|x86.ActiveCfg = Release|Any CPU
		{EBA5ED98-1A5A-451C-826D-AE693D49F599}.Release|x86.Build.0 = Release|Any CPU
		{BD779AA1-CAE5-49B7-B59D-168FFB5F2C4B}.Debug|Any CPU.ActiveCfg = Debug|Any CPU
		{BD779AA1-CAE5-49B7-B59D-168FFB5F2C4B}.Debug|Any CPU.Build.0 = Debug|Any CPU
		{BD779AA1-CAE5-49B7-B59D-168FFB5F2C4B}.Debug|x64.ActiveCfg = Debug|Any CPU
		{BD779AA1-CAE5-49B7-B59D-168FFB5F2C4B}.Debug|x64.Build.0 = Debug|Any CPU
		{BD779AA1-CAE5-49B7-B59D-168FFB5F2C4B}.Debug|x86.ActiveCfg = Debug|Any CPU
		{BD779AA1-CAE5-49B7-B59D-168FFB5F2C4B}.Debug|x86.Build.0 = Debug|Any CPU
		{BD779AA1-CAE5-49B7-B59D-168FFB5F2C4B}.Release|Any CPU.ActiveCfg = Release|Any CPU
		{BD779AA1-CAE5-49B7-B59D-168FFB5F2C4B}.Release|Any CPU.Build.0 = Release|Any CPU
		{BD779AA1-CAE5-49B7-B59D-168FFB5F2C4B}.Release|x64.ActiveCfg = Release|Any CPU
		{BD779AA1-CAE5-49B7-B59D-168FFB5F2C4B}.Release|x64.Build.0 = Release|Any CPU
		{BD779AA1-CAE5-49B7-B59D-168FFB5F2C4B}.Release|x86.ActiveCfg = Release|Any CPU
		{BD779AA1-CAE5-49B7-B59D-168FFB5F2C4B}.Release|x86.Build.0 = Release|Any CPU
		{2D4BB722-03D1-4D13-A2C3-CBD347D9084D}.Debug|Any CPU.ActiveCfg = Debug|Any CPU
		{2D4BB722-03D1-4D13-A2C3-CBD347D9084D}.Debug|Any CPU.Build.0 = Debug|Any CPU
		{2D4BB722-03D1-4D13-A2C3-CBD347D9084D}.Debug|x64.ActiveCfg = Debug|Any CPU
		{2D4BB722-03D1-4D13-A2C3-CBD347D9084D}.Debug|x64.Build.0 = Debug|Any CPU
		{2D4BB722-03D1-4D13-A2C3-CBD347D9084D}.Debug|x86.ActiveCfg = Debug|Any CPU
		{2D4BB722-03D1-4D13-A2C3-CBD347D9084D}.Debug|x86.Build.0 = Debug|Any CPU
		{2D4BB722-03D1-4D13-A2C3-CBD347D9084D}.Release|Any CPU.ActiveCfg = Release|Any CPU
		{2D4BB722-03D1-4D13-A2C3-CBD347D9084D}.Release|Any CPU.Build.0 = Release|Any CPU
		{2D4BB722-03D1-4D13-A2C3-CBD347D9084D}.Release|x64.ActiveCfg = Release|Any CPU
		{2D4BB722-03D1-4D13-A2C3-CBD347D9084D}.Release|x64.Build.0 = Release|Any CPU
		{2D4BB722-03D1-4D13-A2C3-CBD347D9084D}.Release|x86.ActiveCfg = Release|Any CPU
		{2D4BB722-03D1-4D13-A2C3-CBD347D9084D}.Release|x86.Build.0 = Release|Any CPU
		{B13D9DBC-BD6F-4EEF-9069-6B4F3045B087}.Debug|Any CPU.ActiveCfg = Debug|Any CPU
		{B13D9DBC-BD6F-4EEF-9069-6B4F3045B087}.Debug|Any CPU.Build.0 = Debug|Any CPU
		{B13D9DBC-BD6F-4EEF-9069-6B4F3045B087}.Debug|x64.ActiveCfg = Debug|Any CPU
		{B13D9DBC-BD6F-4EEF-9069-6B4F3045B087}.Debug|x64.Build.0 = Debug|Any CPU
		{B13D9DBC-BD6F-4EEF-9069-6B4F3045B087}.Debug|x86.ActiveCfg = Debug|Any CPU
		{B13D9DBC-BD6F-4EEF-9069-6B4F3045B087}.Debug|x86.Build.0 = Debug|Any CPU
		{B13D9DBC-BD6F-4EEF-9069-6B4F3045B087}.Release|Any CPU.ActiveCfg = Release|Any CPU
		{B13D9DBC-BD6F-4EEF-9069-6B4F3045B087}.Release|Any CPU.Build.0 = Release|Any CPU
		{B13D9DBC-BD6F-4EEF-9069-6B4F3045B087}.Release|x64.ActiveCfg = Release|Any CPU
		{B13D9DBC-BD6F-4EEF-9069-6B4F3045B087}.Release|x64.Build.0 = Release|Any CPU
		{B13D9DBC-BD6F-4EEF-9069-6B4F3045B087}.Release|x86.ActiveCfg = Release|Any CPU
		{B13D9DBC-BD6F-4EEF-9069-6B4F3045B087}.Release|x86.Build.0 = Release|Any CPU
	EndGlobalSection
	GlobalSection(SolutionProperties) = preSolution
		HideSolutionNode = FALSE
	EndGlobalSection
	GlobalSection(NestedProjects) = preSolution
		{A0023A48-0A74-4F82-9A89-C007CF08CDD6} = {5DA840D1-BD86-4066-AF5B-7D95FAC08561}
		{EE657FDE-2C3B-4B9E-AA84-2E9BEFFFDBB5} = {5DA840D1-BD86-4066-AF5B-7D95FAC08561}
		{B8218917-F127-4480-A878-634437E31E64} = {5DA840D1-BD86-4066-AF5B-7D95FAC08561}
		{E31CC78D-D09F-4052-BAAD-511F1CA7ACC8} = {5DA840D1-BD86-4066-AF5B-7D95FAC08561}
		{CD44953E-4277-4420-8547-58B5ED8ECC11} = {5DA840D1-BD86-4066-AF5B-7D95FAC08561}
		{6EF1793A-BF3E-4404-8F41-4EF5474A6E09} = {5DA840D1-BD86-4066-AF5B-7D95FAC08561}
		{BFB68C19-153B-4FBE-ABD9-78054C42FD37} = {5DA840D1-BD86-4066-AF5B-7D95FAC08561}
		{7ECE04CD-C9EC-4B9D-8EB8-3134ED94849F} = {5DA840D1-BD86-4066-AF5B-7D95FAC08561}
		{635EFC74-001D-4E0C-BA65-AB37158B0DCA} = {5DA840D1-BD86-4066-AF5B-7D95FAC08561}
		{A965854A-9101-47D3-8682-002426ED7108} = {5DA840D1-BD86-4066-AF5B-7D95FAC08561}
		{0F4C2E2F-462C-4793-ABD4-AE25B5B015F6} = {5DA840D1-BD86-4066-AF5B-7D95FAC08561}
		{ECBDD90C-F5AF-4985-8D86-D047656065C5} = {5DA840D1-BD86-4066-AF5B-7D95FAC08561}
		{457EDEBA-6016-49DD-9C13-2DC310B8C461} = {5DA840D1-BD86-4066-AF5B-7D95FAC08561}
		{EFFC41CB-1247-4249-B6A8-BDA195F2FCA7} = {5DA840D1-BD86-4066-AF5B-7D95FAC08561}
		{23FA2A93-A1FF-48A0-87C3-6700823CC3E7} = {5DA840D1-BD86-4066-AF5B-7D95FAC08561}
		{D005203F-BB14-4CCE-B73C-098CA6F7F16E} = {5DA840D1-BD86-4066-AF5B-7D95FAC08561}
		{728FF1A5-3348-4EB9-9D8C-3901BEBBA3EC} = {5DA840D1-BD86-4066-AF5B-7D95FAC08561}
		{E73D535B-2184-438B-A0F7-1A6EFA8A1361} = {5DA840D1-BD86-4066-AF5B-7D95FAC08561}
		{29B12B71-2121-4C48-858B-8FEFD074DF9C} = {5DA840D1-BD86-4066-AF5B-7D95FAC08561}
		{0AE62796-0135-4D1B-A08D-ACEEC53E372D} = {5DA840D1-BD86-4066-AF5B-7D95FAC08561}
		{4A2ACE72-3025-4A51-9A0F-383D71BB8E6F} = {5DA840D1-BD86-4066-AF5B-7D95FAC08561}
		{AA58572B-B554-473F-9D3B-AF625A2166BD} = {5DA840D1-BD86-4066-AF5B-7D95FAC08561}
		{6310CDB3-9CDC-49B4-814C-66A95D1458F2} = {5DA840D1-BD86-4066-AF5B-7D95FAC08561}
		{F275037F-60A2-4BB1-97D2-865154FA296A} = {5DA840D1-BD86-4066-AF5B-7D95FAC08561}
		{63277602-7B57-49C7-A2CB-5A31BD8C29F5} = {5DA840D1-BD86-4066-AF5B-7D95FAC08561}
		{C9B8A978-27BD-41C3-ABE0-293A3479E6F3} = {5DA840D1-BD86-4066-AF5B-7D95FAC08561}
		{CB66AEA8-5B44-46EA-8C46-B252FE5647A4} = {5DA840D1-BD86-4066-AF5B-7D95FAC08561}
		{0BF0FF94-2BAD-4B6D-9D6E-63775ECECEE3} = {5DA840D1-BD86-4066-AF5B-7D95FAC08561}
		{C24153CC-FA0C-4775-9EF9-8FFA070BC59C} = {5DA840D1-BD86-4066-AF5B-7D95FAC08561}
		{72FF4703-AB5D-49FE-9E58-C95276AA510F} = {5DA840D1-BD86-4066-AF5B-7D95FAC08561}
		{D7E81B57-4208-43C8-9E7A-8764F59D9763} = {5DA840D1-BD86-4066-AF5B-7D95FAC08561}
		{BE683ACD-A120-4BC9-A55F-F994DDDAFE65} = {5DA840D1-BD86-4066-AF5B-7D95FAC08561}
		{C7D5FD60-3FD4-4688-BB7D-E84DC5BA653B} = {5DA840D1-BD86-4066-AF5B-7D95FAC08561}
		{7D49C4A6-E7B2-47D1-8195-0E5C006892D1} = {5DA840D1-BD86-4066-AF5B-7D95FAC08561}
		{24C56CBC-55F2-4712-B92E-5E6171ADA342} = {5DA840D1-BD86-4066-AF5B-7D95FAC08561}
		{ED36F166-9B14-4199-A0F6-D82F02C9644E} = {5DA840D1-BD86-4066-AF5B-7D95FAC08561}
		{25C178BD-7898-4DC3-B4D1-F3B00E95F1AB} = {5DA840D1-BD86-4066-AF5B-7D95FAC08561}
		{7482ED46-B83D-4399-BB83-FDE9D2F5E630} = {5DA840D1-BD86-4066-AF5B-7D95FAC08561}
		{D8687DF8-08BD-4DB8-A89E-2E2DDFC29C5B} = {5DA840D1-BD86-4066-AF5B-7D95FAC08561}
		{A1DB0803-B18F-47EE-B965-E8DD8E34AC00} = {5DA840D1-BD86-4066-AF5B-7D95FAC08561}
		{C93B341C-ED61-4868-A5C6-7328D2E7225B} = {5DA840D1-BD86-4066-AF5B-7D95FAC08561}
		{D7D9A937-ECEB-440E-9FFA-D5AE4E87425F} = {5DA840D1-BD86-4066-AF5B-7D95FAC08561}
		{EC7D8FB6-C68E-4595-AC78-0E04219089C9} = {5DA840D1-BD86-4066-AF5B-7D95FAC08561}
		{B6127ACA-57FB-40DA-8DDA-1B99056A2D87} = {5DA840D1-BD86-4066-AF5B-7D95FAC08561}
		{CFC7AF8F-933D-4ED8-87DA-E1C4E12B6B98} = {5DA840D1-BD86-4066-AF5B-7D95FAC08561}
		{C7366FB9-E54F-4B0B-8032-C384E65A87DA} = {5DA840D1-BD86-4066-AF5B-7D95FAC08561}
		{5BE06C07-6B56-45C3-BD82-37FF98D6366B} = {5DA840D1-BD86-4066-AF5B-7D95FAC08561}
		{1E8DC029-CE54-41CD-A343-D4069624CCC2} = {5DA840D1-BD86-4066-AF5B-7D95FAC08561}
		{482CDFB3-7619-442E-801D-A53C34E5012C} = {5DA840D1-BD86-4066-AF5B-7D95FAC08561}
		{D59820EF-EBDC-4C17-8EB2-C31D916194A1} = {5DA840D1-BD86-4066-AF5B-7D95FAC08561}
		{0F92064B-CCD7-4A63-B862-95044A3BDF0D} = {5DA840D1-BD86-4066-AF5B-7D95FAC08561}
		{08947ACA-2E6E-4F44-87D8-E8A28A992FB1} = {5DA840D1-BD86-4066-AF5B-7D95FAC08561}
		{4DA16A7A-A223-4E79-BEFA-CC9A08125DE9} = {5DA840D1-BD86-4066-AF5B-7D95FAC08561}
		{9CC2B738-717F-4C65-8025-BF0F2851D446} = {5DA840D1-BD86-4066-AF5B-7D95FAC08561}
		{A147C818-A707-47A7-90B0-19E7E9721D21} = {5DA840D1-BD86-4066-AF5B-7D95FAC08561}
		{13BB712A-D267-40DB-BA10-22F164493BFE} = {5DA840D1-BD86-4066-AF5B-7D95FAC08561}
		{68B842AD-3D6C-4FA4-A1E3-D7B67CCE3A0E} = {5DA840D1-BD86-4066-AF5B-7D95FAC08561}
		{BBCE5DBA-440A-4717-B75B-598EB0290270} = {5DA840D1-BD86-4066-AF5B-7D95FAC08561}
		{218F6D7F-6FFD-46EF-AA0E-32836B24814F} = {5DA840D1-BD86-4066-AF5B-7D95FAC08561}
		{0C231251-E9F8-435A-8162-274131CC8E97} = {5DA840D1-BD86-4066-AF5B-7D95FAC08561}
		{F5EDA91A-D9E7-4BB3-BB90-35A314B2AEE3} = {5DA840D1-BD86-4066-AF5B-7D95FAC08561}
		{7CEB190F-4C7F-4EC1-ABFC-AB07DEEA008D} = {5DA840D1-BD86-4066-AF5B-7D95FAC08561}
		{CFAA959A-DFA7-4AB5-B711-B40F4E82E1BC} = {5DA840D1-BD86-4066-AF5B-7D95FAC08561}
		{EBA5ED98-1A5A-451C-826D-AE693D49F599} = {5DA840D1-BD86-4066-AF5B-7D95FAC08561}
		{BD779AA1-CAE5-49B7-B59D-168FFB5F2C4B} = {5DA840D1-BD86-4066-AF5B-7D95FAC08561}
		{2D4BB722-03D1-4D13-A2C3-CBD347D9084D} = {5DA840D1-BD86-4066-AF5B-7D95FAC08561}
		{B13D9DBC-BD6F-4EEF-9069-6B4F3045B087} = {5DA840D1-BD86-4066-AF5B-7D95FAC08561}
	EndGlobalSection
	GlobalSection(ExtensibilityGlobals) = postSolution
		SolutionGuid = {26551119-60B6-4375-9DAC-2A31BA32E7EB}
	EndGlobalSection
EndGlobal
