
Microsoft Visual Studio Solution File, Format Version 12.00
# Visual Studio 15
VisualStudioVersion = 15.0.26124.0
MinimumVisualStudioVersion = 15.0.26124.0
Project("{9A19103F-16F7-4668-BE54-9A1E7A4F7556}") = "R5T.Dover.Construction", "R5T.Dover.Construction\R5T.Dover.Construction.csproj", "{0B589CCC-596C-4704-BD3A-6C6AA71DBBE2}"
EndProject
Project("{9A19103F-16F7-4668-BE54-9A1E7A4F7556}") = "R5T.Dover", "R5T.Dover\R5T.Dover.csproj", "{78CF1016-1AB9-4499-A3BB-0B23A98201CE}"
EndProject
Project("{9A19103F-16F7-4668-BE54-9A1E7A4F7556}") = "R5T.Dover.Testing", "R5T.Dover.Testing\R5T.Dover.Testing.csproj", "{5A648D43-BD9A-4F5D-9EAB-4F04FF8EFB13}"
EndProject
Project("{2150E333-8FDC-42A3-9474-1A3956D46DE8}") = "_Dependencies", "_Dependencies", "{5DA840D1-BD86-4066-AF5B-7D95FAC08561}"
EndProject
Project("{9A19103F-16F7-4668-BE54-9A1E7A4F7556}") = "R5T.Richmond", "..\..\R5T.Richmond\source\R5T.Richmond\R5T.Richmond.csproj", "{A0023A48-0A74-4F82-9A89-C007CF08CDD6}"
EndProject
Project("{9A19103F-16F7-4668-BE54-9A1E7A4F7556}") = "R5T.Herulia", "..\..\R5T.Herulia\source\R5T.Herulia\R5T.Herulia.csproj", "{EE657FDE-2C3B-4B9E-AA84-2E9BEFFFDBB5}"
EndProject
Project("{9A19103F-16F7-4668-BE54-9A1E7A4F7556}") = "R5T.Chamavia", "..\..\R5T.Chamavia\source\R5T.Chamavia\R5T.Chamavia.csproj", "{B8218917-F127-4480-A878-634437E31E64}"
EndProject
Project("{9A19103F-16F7-4668-BE54-9A1E7A4F7556}") = "R5T.Dacia", "..\..\R5T.Dacia\source\R5T.Dacia\R5T.Dacia.csproj", "{E31CC78D-D09F-4052-BAAD-511F1CA7ACC8}"
EndProject
Project("{9A19103F-16F7-4668-BE54-9A1E7A4F7556}") = "R5T.Langobard", "..\..\R5T.Langobard\source\R5T.Langobard\R5T.Langobard.csproj", "{CD44953E-4277-4420-8547-58B5ED8ECC11}"
EndProject
Project("{9A19103F-16F7-4668-BE54-9A1E7A4F7556}") = "R5T.Sardinia", "..\..\R5T.Sardinia\source\R5T.Sardinia\R5T.Sardinia.csproj", "{6EF1793A-BF3E-4404-8F41-4EF5474A6E09}"
EndProject
Global
	GlobalSection(SolutionConfigurationPlatforms) = preSolution
		Debug|Any CPU = Debug|Any CPU
		Debug|x64 = Debug|x64
		Debug|x86 = Debug|x86
		Release|Any CPU = Release|Any CPU
		Release|x64 = Release|x64
		Release|x86 = Release|x86
	EndGlobalSection
	GlobalSection(ProjectConfigurationPlatforms) = postSolution
		{0B589CCC-596C-4704-BD3A-6C6AA71DBBE2}.Debug|Any CPU.ActiveCfg = Debug|Any CPU
		{0B589CCC-596C-4704-BD3A-6C6AA71DBBE2}.Debug|Any CPU.Build.0 = Debug|Any CPU
		{0B589CCC-596C-4704-BD3A-6C6AA71DBBE2}.Debug|x64.ActiveCfg = Debug|Any CPU
		{0B589CCC-596C-4704-BD3A-6C6AA71DBBE2}.Debug|x64.Build.0 = Debug|Any CPU
		{0B589CCC-596C-4704-BD3A-6C6AA71DBBE2}.Debug|x86.ActiveCfg = Debug|Any CPU
		{0B589CCC-596C-4704-BD3A-6C6AA71DBBE2}.Debug|x86.Build.0 = Debug|Any CPU
		{0B589CCC-596C-4704-BD3A-6C6AA71DBBE2}.Release|Any CPU.ActiveCfg = Release|Any CPU
		{0B589CCC-596C-4704-BD3A-6C6AA71DBBE2}.Release|Any CPU.Build.0 = Release|Any CPU
		{0B589CCC-596C-4704-BD3A-6C6AA71DBBE2}.Release|x64.ActiveCfg = Release|Any CPU
		{0B589CCC-596C-4704-BD3A-6C6AA71DBBE2}.Release|x64.Build.0 = Release|Any CPU
		{0B589CCC-596C-4704-BD3A-6C6AA71DBBE2}.Release|x86.ActiveCfg = Release|Any CPU
		{0B589CCC-596C-4704-BD3A-6C6AA71DBBE2}.Release|x86.Build.0 = Release|Any CPU
		{78CF1016-1AB9-4499-A3BB-0B23A98201CE}.Debug|Any CPU.ActiveCfg = Debug|Any CPU
		{78CF1016-1AB9-4499-A3BB-0B23A98201CE}.Debug|Any CPU.Build.0 = Debug|Any CPU
		{78CF1016-1AB9-4499-A3BB-0B23A98201CE}.Debug|x64.ActiveCfg = Debug|Any CPU
		{78CF1016-1AB9-4499-A3BB-0B23A98201CE}.Debug|x64.Build.0 = Debug|Any CPU
		{78CF1016-1AB9-4499-A3BB-0B23A98201CE}.Debug|x86.ActiveCfg = Debug|Any CPU
		{78CF1016-1AB9-4499-A3BB-0B23A98201CE}.Debug|x86.Build.0 = Debug|Any CPU
		{78CF1016-1AB9-4499-A3BB-0B23A98201CE}.Release|Any CPU.ActiveCfg = Release|Any CPU
		{78CF1016-1AB9-4499-A3BB-0B23A98201CE}.Release|Any CPU.Build.0 = Release|Any CPU
		{78CF1016-1AB9-4499-A3BB-0B23A98201CE}.Release|x64.ActiveCfg = Release|Any CPU
		{78CF1016-1AB9-4499-A3BB-0B23A98201CE}.Release|x64.Build.0 = Release|Any CPU
		{78CF1016-1AB9-4499-A3BB-0B23A98201CE}.Release|x86.ActiveCfg = Release|Any CPU
		{78CF1016-1AB9-4499-A3BB-0B23A98201CE}.Release|x86.Build.0 = Release|Any CPU
		{5A648D43-BD9A-4F5D-9EAB-4F04FF8EFB13}.Debug|Any CPU.ActiveCfg = Debug|Any CPU
		{5A648D43-BD9A-4F5D-9EAB-4F04FF8EFB13}.Debug|Any CPU.Build.0 = Debug|Any CPU
		{5A648D43-BD9A-4F5D-9EAB-4F04FF8EFB13}.Debug|x64.ActiveCfg = Debug|Any CPU
		{5A648D43-BD9A-4F5D-9EAB-4F04FF8EFB13}.Debug|x64.Build.0 = Debug|Any CPU
		{5A648D43-BD9A-4F5D-9EAB-4F04FF8EFB13}.Debug|x86.ActiveCfg = Debug|Any CPU
		{5A648D43-BD9A-4F5D-9EAB-4F04FF8EFB13}.Debug|x86.Build.0 = Debug|Any CPU
		{5A648D43-BD9A-4F5D-9EAB-4F04FF8EFB13}.Release|Any CPU.ActiveCfg = Release|Any CPU
		{5A648D43-BD9A-4F5D-9EAB-4F04FF8EFB13}.Release|Any CPU.Build.0 = Release|Any CPU
		{5A648D43-BD9A-4F5D-9EAB-4F04FF8EFB13}.Release|x64.ActiveCfg = Release|Any CPU
		{5A648D43-BD9A-4F5D-9EAB-4F04FF8EFB13}.Release|x64.Build.0 = Release|Any CPU
		{5A648D43-BD9A-4F5D-9EAB-4F04FF8EFB13}.Release|x86.ActiveCfg = Release|Any CPU
		{5A648D43-BD9A-4F5D-9EAB-4F04FF8EFB13}.Release|x86.Build.0 = Release|Any CPU
		{A0023A48-0A74-4F82-9A89-C007CF08CDD6}.Debug|Any CPU.ActiveCfg = Debug|Any CPU
		{A0023A48-0A74-4F82-9A89-C007CF08CDD6}.Debug|Any CPU.Build.0 = Debug|Any CPU
		{A0023A48-0A74-4F82-9A89-C007CF08CDD6}.Debug|x64.ActiveCfg = Debug|Any CPU
		{A0023A48-0A74-4F82-9A89-C007CF08CDD6}.Debug|x64.Build.0 = Debug|Any CPU
		{A0023A48-0A74-4F82-9A89-C007CF08CDD6}.Debug|x86.ActiveCfg = Debug|Any CPU
		{A0023A48-0A74-4F82-9A89-C007CF08CDD6}.Debug|x86.Build.0 = Debug|Any CPU
		{A0023A48-0A74-4F82-9A89-C007CF08CDD6}.Release|Any CPU.ActiveCfg = Release|Any CPU
		{A0023A48-0A74-4F82-9A89-C007CF08CDD6}.Release|Any CPU.Build.0 = Release|Any CPU
		{A0023A48-0A74-4F82-9A89-C007CF08CDD6}.Release|x64.ActiveCfg = Release|Any CPU
		{A0023A48-0A74-4F82-9A89-C007CF08CDD6}.Release|x64.Build.0 = Release|Any CPU
		{A0023A48-0A74-4F82-9A89-C007CF08CDD6}.Release|x86.ActiveCfg = Release|Any CPU
		{A0023A48-0A74-4F82-9A89-C007CF08CDD6}.Release|x86.Build.0 = Release|Any CPU
		{EE657FDE-2C3B-4B9E-AA84-2E9BEFFFDBB5}.Debug|Any CPU.ActiveCfg = Debug|Any CPU
		{EE657FDE-2C3B-4B9E-AA84-2E9BEFFFDBB5}.Debug|Any CPU.Build.0 = Debug|Any CPU
		{EE657FDE-2C3B-4B9E-AA84-2E9BEFFFDBB5}.Debug|x64.ActiveCfg = Debug|Any CPU
		{EE657FDE-2C3B-4B9E-AA84-2E9BEFFFDBB5}.Debug|x64.Build.0 = Debug|Any CPU
		{EE657FDE-2C3B-4B9E-AA84-2E9BEFFFDBB5}.Debug|x86.ActiveCfg = Debug|Any CPU
		{EE657FDE-2C3B-4B9E-AA84-2E9BEFFFDBB5}.Debug|x86.Build.0 = Debug|Any CPU
		{EE657FDE-2C3B-4B9E-AA84-2E9BEFFFDBB5}.Release|Any CPU.ActiveCfg = Release|Any CPU
		{EE657FDE-2C3B-4B9E-AA84-2E9BEFFFDBB5}.Release|Any CPU.Build.0 = Release|Any CPU
		{EE657FDE-2C3B-4B9E-AA84-2E9BEFFFDBB5}.Release|x64.ActiveCfg = Release|Any CPU
		{EE657FDE-2C3B-4B9E-AA84-2E9BEFFFDBB5}.Release|x64.Build.0 = Release|Any CPU
		{EE657FDE-2C3B-4B9E-AA84-2E9BEFFFDBB5}.Release|x86.ActiveCfg = Release|Any CPU
		{EE657FDE-2C3B-4B9E-AA84-2E9BEFFFDBB5}.Release|x86.Build.0 = Release|Any CPU
		{B8218917-F127-4480-A878-634437E31E64}.Debug|Any CPU.ActiveCfg = Debug|Any CPU
		{B8218917-F127-4480-A878-634437E31E64}.Debug|Any CPU.Build.0 = Debug|Any CPU
		{B8218917-F127-4480-A878-634437E31E64}.Debug|x64.ActiveCfg = Debug|Any CPU
		{B8218917-F127-4480-A878-634437E31E64}.Debug|x64.Build.0 = Debug|Any CPU
		{B8218917-F127-4480-A878-634437E31E64}.Debug|x86.ActiveCfg = Debug|Any CPU
		{B8218917-F127-4480-A878-634437E31E64}.Debug|x86.Build.0 = Debug|Any CPU
		{B8218917-F127-4480-A878-634437E31E64}.Release|Any CPU.ActiveCfg = Release|Any CPU
		{B8218917-F127-4480-A878-634437E31E64}.Release|Any CPU.Build.0 = Release|Any CPU
		{B8218917-F127-4480-A878-634437E31E64}.Release|x64.ActiveCfg = Release|Any CPU
		{B8218917-F127-4480-A878-634437E31E64}.Release|x64.Build.0 = Release|Any CPU
		{B8218917-F127-4480-A878-634437E31E64}.Release|x86.ActiveCfg = Release|Any CPU
		{B8218917-F127-4480-A878-634437E31E64}.Release|x86.Build.0 = Release|Any CPU
		{E31CC78D-D09F-4052-BAAD-511F1CA7ACC8}.Debug|Any CPU.ActiveCfg = Debug|Any CPU
		{E31CC78D-D09F-4052-BAAD-511F1CA7ACC8}.Debug|Any CPU.Build.0 = Debug|Any CPU
		{E31CC78D-D09F-4052-BAAD-511F1CA7ACC8}.Debug|x64.ActiveCfg = Debug|Any CPU
		{E31CC78D-D09F-4052-BAAD-511F1CA7ACC8}.Debug|x64.Build.0 = Debug|Any CPU
		{E31CC78D-D09F-4052-BAAD-511F1CA7ACC8}.Debug|x86.ActiveCfg = Debug|Any CPU
		{E31CC78D-D09F-4052-BAAD-511F1CA7ACC8}.Debug|x86.Build.0 = Debug|Any CPU
		{E31CC78D-D09F-4052-BAAD-511F1CA7ACC8}.Release|Any CPU.ActiveCfg = Release|Any CPU
		{E31CC78D-D09F-4052-BAAD-511F1CA7ACC8}.Release|Any CPU.Build.0 = Release|Any CPU
		{E31CC78D-D09F-4052-BAAD-511F1CA7ACC8}.Release|x64.ActiveCfg = Release|Any CPU
		{E31CC78D-D09F-4052-BAAD-511F1CA7ACC8}.Release|x64.Build.0 = Release|Any CPU
		{E31CC78D-D09F-4052-BAAD-511F1CA7ACC8}.Release|x86.ActiveCfg = Release|Any CPU
		{E31CC78D-D09F-4052-BAAD-511F1CA7ACC8}.Release|x86.Build.0 = Release|Any CPU
		{CD44953E-4277-4420-8547-58B5ED8ECC11}.Debug|Any CPU.ActiveCfg = Debug|Any CPU
		{CD44953E-4277-4420-8547-58B5ED8ECC11}.Debug|Any CPU.Build.0 = Debug|Any CPU
		{CD44953E-4277-4420-8547-58B5ED8ECC11}.Debug|x64.ActiveCfg = Debug|Any CPU
		{CD44953E-4277-4420-8547-58B5ED8ECC11}.Debug|x64.Build.0 = Debug|Any CPU
		{CD44953E-4277-4420-8547-58B5ED8ECC11}.Debug|x86.ActiveCfg = Debug|Any CPU
		{CD44953E-4277-4420-8547-58B5ED8ECC11}.Debug|x86.Build.0 = Debug|Any CPU
		{CD44953E-4277-4420-8547-58B5ED8ECC11}.Release|Any CPU.ActiveCfg = Release|Any CPU
		{CD44953E-4277-4420-8547-58B5ED8ECC11}.Release|Any CPU.Build.0 = Release|Any CPU
		{CD44953E-4277-4420-8547-58B5ED8ECC11}.Release|x64.ActiveCfg = Release|Any CPU
		{CD44953E-4277-4420-8547-58B5ED8ECC11}.Release|x64.Build.0 = Release|Any CPU
		{CD44953E-4277-4420-8547-58B5ED8ECC11}.Release|x86.ActiveCfg = Release|Any CPU
		{CD44953E-4277-4420-8547-58B5ED8ECC11}.Release|x86.Build.0 = Release|Any CPU
		{6EF1793A-BF3E-4404-8F41-4EF5474A6E09}.Debug|Any CPU.ActiveCfg = Debug|Any CPU
		{6EF1793A-BF3E-4404-8F41-4EF5474A6E09}.Debug|Any CPU.Build.0 = Debug|Any CPU
		{6EF1793A-BF3E-4404-8F41-4EF5474A6E09}.Debug|x64.ActiveCfg = Debug|Any CPU
		{6EF1793A-BF3E-4404-8F41-4EF5474A6E09}.Debug|x64.Build.0 = Debug|Any CPU
		{6EF1793A-BF3E-4404-8F41-4EF5474A6E09}.Debug|x86.ActiveCfg = Debug|Any CPU
		{6EF1793A-BF3E-4404-8F41-4EF5474A6E09}.Debug|x86.Build.0 = Debug|Any CPU
		{6EF1793A-BF3E-4404-8F41-4EF5474A6E09}.Release|Any CPU.ActiveCfg = Release|Any CPU
		{6EF1793A-BF3E-4404-8F41-4EF5474A6E09}.Release|Any CPU.Build.0 = Release|Any CPU
		{6EF1793A-BF3E-4404-8F41-4EF5474A6E09}.Release|x64.ActiveCfg = Release|Any CPU
		{6EF1793A-BF3E-4404-8F41-4EF5474A6E09}.Release|x64.Build.0 = Release|Any CPU
		{6EF1793A-BF3E-4404-8F41-4EF5474A6E09}.Release|x86.ActiveCfg = Release|Any CPU
		{6EF1793A-BF3E-4404-8F41-4EF5474A6E09}.Release|x86.Build.0 = Release|Any CPU
	EndGlobalSection
	GlobalSection(SolutionProperties) = preSolution
		HideSolutionNode = FALSE
	EndGlobalSection
	GlobalSection(NestedProjects) = preSolution
		{A0023A48-0A74-4F82-9A89-C007CF08CDD6} = {5DA840D1-BD86-4066-AF5B-7D95FAC08561}
		{EE657FDE-2C3B-4B9E-AA84-2E9BEFFFDBB5} = {5DA840D1-BD86-4066-AF5B-7D95FAC08561}
		{B8218917-F127-4480-A878-634437E31E64} = {5DA840D1-BD86-4066-AF5B-7D95FAC08561}
		{E31CC78D-D09F-4052-BAAD-511F1CA7ACC8} = {5DA840D1-BD86-4066-AF5B-7D95FAC08561}
		{CD44953E-4277-4420-8547-58B5ED8ECC11} = {5DA840D1-BD86-4066-AF5B-7D95FAC08561}
		{6EF1793A-BF3E-4404-8F41-4EF5474A6E09} = {5DA840D1-BD86-4066-AF5B-7D95FAC08561}
	EndGlobalSection
	GlobalSection(ExtensibilityGlobals) = postSolution
		SolutionGuid = {26551119-60B6-4375-9DAC-2A31BA32E7EB}
	EndGlobalSection
EndGlobal
